{
    "version": 3,
    "terraform_version": "0.9.11",
    "serial": 0,
    "lineage": "a38cf700-680a-45d9-b3f0-90c54c671d98",
    "modules": [
        {
            "path": [
                "root"
            ],
            "outputs": {},
            "resources": {
                "aws_elastic_beanstalk_application.psp-api": {
                    "type": "aws_elastic_beanstalk_application",
                    "depends_on": [],
                    "primary": {
                        "id": "psp-api",
                        "attributes": {
                            "description": "psp-api",
                            "id": "psp-api",
                            "name": "psp-api"
                        },
                        "meta": {},
                        "tainted": false
                    },
                    "deposed": [],
                    "provider": ""
                },
                "aws_elastic_beanstalk_environment.psp-api-dev": {
                    "type": "aws_elastic_beanstalk_environment",
                    "depends_on": [],
                    "primary": {
                        "id": "e-d4y5xr3mdr",
                        "attributes": {
                            "all_settings.#": "130",
                            "all_settings.1036703857.name": "EvaluationPeriods",
                            "all_settings.1036703857.namespace": "aws:autoscaling:trigger",
                            "all_settings.1036703857.resource": "",
                            "all_settings.1036703857.value": "1",
                            "all_settings.1093784765.name": "ListenerProtocol",
                            "all_settings.1093784765.namespace": "aws:elb:listener:80",
                            "all_settings.1093784765.resource": "",
                            "all_settings.1093784765.value": "HTTP",
                            "all_settings.1105127146.name": "LoadBalancerPortProtocol",
                            "all_settings.1105127146.namespace": "aws:elb:loadbalancer",
                            "all_settings.1105127146.resource": "",
                            "all_settings.1105127146.value": "HTTP",
                            "all_settings.1139450884.name": "memory_limit",
                            "all_settings.1139450884.namespace": "aws:elasticbeanstalk:container:php:phpini",
                            "all_settings.1139450884.resource": "",
                            "all_settings.1139450884.value": "256M",
                            "all_settings.1141806546.name": "REPORTING_HOST",
                            "all_settings.1141806546.namespace": "aws:elasticbeanstalk:application:environment",
                            "all_settings.1141806546.resource": "",
                            "all_settings.1141806546.value": "10.0.2.2:27017",
                            "all_settings.1148368735.name": "ConnectionDrainingEnabled",
                            "all_settings.1148368735.namespace": "aws:elb:policies",
                            "all_settings.1148368735.resource": "",
                            "all_settings.1148368735.value": "false",
                            "all_settings.1311926541.name": "RollingUpdateEnabled",
                            "all_settings.1311926541.namespace": "aws:autoscaling:updatepolicy:rollingupdate",
                            "all_settings.1311926541.resource": "",
                            "all_settings.1311926541.value": "true",
                            "all_settings.1413020927.name": "ConfigDocument",
                            "all_settings.1413020927.namespace": "aws:elasticbeanstalk:healthreporting:system",
                            "all_settings.1413020927.resource": "",
                            "all_settings.1413020927.value": "{\"Version\":1,\"CloudWatchMetrics\":{\"Instance\":{\"CPUIrq\":null,\"LoadAverage5min\":null,\"ApplicationRequests5xx\":null,\"ApplicationRequests4xx\":null,\"CPUUser\":null,\"LoadAverage1min\":null,\"ApplicationLatencyP50\":null,\"CPUIdle\":null,\"InstanceHealth\":null,\"ApplicationLatencyP95\":null,\"ApplicationLatencyP85\":null,\"RootFilesystemUtil\":null,\"ApplicationLatencyP90\":null,\"CPUSystem\":null,\"ApplicationLatencyP75\":null,\"CPUSoftirq\":null,\"ApplicationLatencyP10\":null,\"ApplicationLatencyP99\":null,\"ApplicationRequestsTotal\":null,\"ApplicationLatencyP99.9\":null,\"ApplicationRequests3xx\":null,\"ApplicationRequests2xx\":null,\"CPUIowait\":null,\"CPUNice\":null},\"Environment\":{\"InstancesSevere\":null,\"InstancesDegraded\":null,\"ApplicationRequests5xx\":null,\"ApplicationRequests4xx\":null,\"ApplicationLatencyP50\":null,\"ApplicationLatencyP95\":null,\"ApplicationLatencyP85\":null,\"InstancesUnknown\":null,\"ApplicationLatencyP90\":null,\"InstancesInfo\":null,\"InstancesPending\":null,\"ApplicationLatencyP75\":null,\"ApplicationLatencyP10\":null,\"ApplicationLatencyP99\":null,\"ApplicationRequestsTotal\":null,\"InstancesNoData\":null,\"ApplicationLatencyP99.9\":null,\"ApplicationRequests3xx\":null,\"ApplicationRequests2xx\":null,\"InstancesOk\":null,\"InstancesWarning\":null}}}",
                            "all_settings.1442648321.name": "PSP_IPAYNET_CHECKOUT_URL",
                            "all_settings.1442648321.namespace": "aws:elasticbeanstalk:application:environment",
                            "all_settings.1442648321.resource": "",
                            "all_settings.1442648321.value": "http://payment.psp/",
                            "all_settings.1480839251.name": "REPORTING_PASSWORD",
                            "all_settings.1480839251.namespace": "aws:elasticbeanstalk:application:environment",
                            "all_settings.1480839251.resource": "",
                            "all_settings.1480839251.value": "",
                            "all_settings.1487137936.name": "IgnoreHealthCheck",
                            "all_settings.1487137936.namespace": "aws:elasticbeanstalk:command",
                            "all_settings.1487137936.resource": "",
                            "all_settings.1487137936.value": "false",
                            "all_settings.1499800684.name": "RootVolumeType",
                            "all_settings.1499800684.namespace": "aws:autoscaling:launchconfiguration",
                            "all_settings.1499800684.resource": "",
                            "all_settings.1499800684.value": "gp2",
                            "all_settings.1510200368.name": "PSP_REPORTING_URL",
                            "all_settings.1510200368.namespace": "aws:elasticbeanstalk:application:environment",
                            "all_settings.1510200368.resource": "",
                            "all_settings.1510200368.value": "http://reporting.psp/api/v3/bumin-hamam-07/",
                            "all_settings.1511930519.name": "DB_HOST",
                            "all_settings.1511930519.namespace": "aws:elasticbeanstalk:application:environment",
                            "all_settings.1511930519.resource": "",
                            "all_settings.1511930519.value": "localhost",
                            "all_settings.1539976252.name": "ListenerEnabled",
                            "all_settings.1539976252.namespace": "aws:elb:listener:80",
                            "all_settings.1539976252.resource": "",
                            "all_settings.1539976252.value": "true",
                            "all_settings.1569408773.name": "PAYDOH_ID",
                            "all_settings.1569408773.namespace": "aws:elasticbeanstalk:application:environment",
                            "all_settings.1569408773.resource": "",
                            "all_settings.1569408773.value": "1",
                            "all_settings.1584820072.name": "Custom Availability Zones",
                            "all_settings.1584820072.namespace": "aws:autoscaling:asg",
                            "all_settings.1584820072.resource": "",
                            "all_settings.1584820072.value": "",
                            "all_settings.1598470862.name": "AppSource",
                            "all_settings.1598470862.namespace": "aws:cloudformation:template:parameter",
                            "all_settings.1598470862.resource": "",
                            "all_settings.1598470862.value": "http://s3-eu-west-1.amazonaws.com/elasticbeanstalk-samples-eu-west-1/php-newsample-app.zip",
                            "all_settings.1616285399.name": "REPORTING_USERNAME",
                            "all_settings.1616285399.namespace": "aws:elasticbeanstalk:application:environment",
                            "all_settings.1616285399.resource": "",
                            "all_settings.1616285399.value": "",
                            "all_settings.1709622552.name": "LoadBalancerSSLPortProtocol",
                            "all_settings.1709622552.namespace": "aws:elb:loadbalancer",
                            "all_settings.1709622552.resource": "",
                            "all_settings.1709622552.value": "HTTPS",
                            "all_settings.1835511052.name": "SSLCertificateId",
                            "all_settings.1835511052.namespace": "aws:elb:listener:80",
                            "all_settings.1835511052.resource": "",
                            "all_settings.1835511052.value": "",
                            "all_settings.1839941942.name": "BlockDeviceMappings",
                            "all_settings.1839941942.namespace": "aws:autoscaling:launchconfiguration",
                            "all_settings.1839941942.resource": "",
                            "all_settings.1839941942.value": "",
                            "all_settings.1909733429.name": "Notification Topic ARN",
                            "all_settings.1909733429.namespace": "aws:elasticbeanstalk:sns:topics",
                            "all_settings.1909733429.resource": "",
                            "all_settings.1909733429.value": "arn:aws:sns:eu-west-1:065573304528:ElasticBeanstalkNotifications-Environment-psp-api-dev",
                            "all_settings.1932615024.name": "UnhealthyThreshold",
                            "all_settings.1932615024.namespace": "aws:elb:healthcheck",
                            "all_settings.1932615024.resource": "",
                            "all_settings.1932615024.value": "5",
                            "all_settings.1949446425.name": "allow_url_fopen",
                            "all_settings.1949446425.namespace": "aws:elasticbeanstalk:container:php:phpini",
                            "all_settings.1949446425.resource": "",
                            "all_settings.1949446425.value": "On",
                            "all_settings.2023307816.name": "PSP_CHECKOUT_URL",
                            "all_settings.2023307816.namespace": "aws:elasticbeanstalk:application:environment",
                            "all_settings.2023307816.resource": "",
                            "all_settings.2023307816.value": "http://payment.psp/",
                            "all_settings.2033049486.name": "APP_FALLBACK_LOCALE",
                            "all_settings.2033049486.namespace": "aws:elasticbeanstalk:application:environment",
                            "all_settings.2033049486.resource": "",
                            "all_settings.2033049486.value": "en",
                            "all_settings.2042988913.name": "SUMOLOGIC_ACCESS_KEY",
                            "all_settings.2042988913.namespace": "aws:elasticbeanstalk:application:environment",
                            "all_settings.2042988913.resource": "",
                            "all_settings.2042988913.value": "XpraYhrnzAdUwNaX1lm6WovZSpySzaC0Fzktwvl3SDsphPpb9PaAL9tIYaC79DcF",
                            "all_settings.2128368294.name": "max_execution_time",
                            "all_settings.2128368294.namespace": "aws:elasticbeanstalk:container:php:phpini",
                            "all_settings.2128368294.resource": "",
                            "all_settings.2128368294.value": "60",
                            "all_settings.2145095834.name": "InstanceProtocol",
                            "all_settings.2145095834.namespace": "aws:elb:listener:80",
                            "all_settings.2145095834.resource": "",
                            "all_settings.2145095834.value": "HTTP",
                            "all_settings.2147034849.name": "PSP_ADMIN_KEY",
                            "all_settings.2147034849.namespace": "aws:elasticbeanstalk:application:environment",
                            "all_settings.2147034849.resource": "",
                            "all_settings.2147034849.value": "Zuu3mUjUeznXKy",
                            "all_settings.2207438838.name": "MinInstancesInService",
                            "all_settings.2207438838.namespace": "aws:autoscaling:updatepolicy:rollingupdate",
                            "all_settings.2207438838.resource": "",
                            "all_settings.2207438838.value": "1",
                            "all_settings.2210680385.name": "LaunchType",
                            "all_settings.2210680385.namespace": "aws:elasticbeanstalk:control",
                            "all_settings.2210680385.resource": "",
                            "all_settings.2210680385.value": "Migration",
                            "all_settings.2262995125.name": "Availability Zones",
                            "all_settings.2262995125.namespace": "aws:autoscaling:asg",
                            "all_settings.2262995125.resource": "",
                            "all_settings.2262995125.value": "Any 2",
                            "all_settings.2276893638.name": "RollingUpdateType",
                            "all_settings.2276893638.namespace": "aws:autoscaling:updatepolicy:rollingupdate",
                            "all_settings.2276893638.resource": "",
                            "all_settings.2276893638.value": "Health",
                            "all_settings.2293968963.name": "composer_options",
                            "all_settings.2293968963.namespace": "aws:elasticbeanstalk:container:php:phpini",
                            "all_settings.2293968963.resource": "",
                            "all_settings.2293968963.value": "",
                            "all_settings.2325195267.name": "Subnets",
                            "all_settings.2325195267.namespace": "aws:ec2:vpc",
                            "all_settings.2325195267.resource": "",
                            "all_settings.2325195267.value": "subnet-7ed9b037,subnet-eae548b1",
                            "all_settings.2338825121.name": "OLD_DB_HOST",
                            "all_settings.2338825121.namespace": "aws:elasticbeanstalk:application:environment",
                            "all_settings.2338825121.resource": "",
                            "all_settings.2338825121.value": "localhost",
                            "all_settings.2395212047.name": "IamInstanceProfile",
                            "all_settings.2395212047.namespace": "aws:autoscaling:launchconfiguration",
                            "all_settings.2395212047.resource": "",
                            "all_settings.2395212047.value": "aws-elasticbeanstalk-ec2-role",
                            "all_settings.2396587397.name": "MinSize",
                            "all_settings.2396587397.namespace": "aws:autoscaling:asg",
                            "all_settings.2396587397.resource": "",
                            "all_settings.2396587397.value": "1",
                            "all_settings.2402433859.name": "Period",
                            "all_settings.2402433859.namespace": "aws:autoscaling:trigger",
                            "all_settings.2402433859.resource": "",
                            "all_settings.2402433859.value": "5",
                            "all_settings.240742627.name": "UpperBreachScaleIncrement",
                            "all_settings.240742627.namespace": "aws:autoscaling:trigger",
                            "all_settings.240742627.resource": "",
                            "all_settings.240742627.value": "1",
                            "all_settings.2420299722.name": "SystemType",
                            "all_settings.2420299722.namespace": "aws:elasticbeanstalk:healthreporting:system",
                            "all_settings.2420299722.resource": "",
                            "all_settings.2420299722.value": "enhanced",
                            "all_settings.2434350444.name": "Notification Endpoint",
                            "all_settings.2434350444.namespace": "aws:elasticbeanstalk:sns:topics",
                            "all_settings.2434350444.resource": "",
                            "all_settings.2434350444.value": "ops@eftsoftware.com",
                            "all_settings.2436131110.name": "display_errors",
                            "all_settings.2436131110.namespace": "aws:elasticbeanstalk:container:php:phpini",
                            "all_settings.2436131110.resource": "",
                            "all_settings.2436131110.value": "Off",
                            "all_settings.2492456712.name": "LogPublicationControl",
                            "all_settings.2492456712.namespace": "aws:elasticbeanstalk:hostmanager",
                            "all_settings.2492456712.resource": "",
                            "all_settings.2492456712.value": "false",
                            "all_settings.2521334252.name": "InstanceRefreshEnabled",
                            "all_settings.2521334252.namespace": "aws:elasticbeanstalk:managedactions:platformupdate",
                            "all_settings.2521334252.resource": "",
                            "all_settings.2521334252.value": "false",
                            "all_settings.2532738647.name": "PSP_API_URL",
                            "all_settings.2532738647.namespace": "aws:elasticbeanstalk:application:environment",
                            "all_settings.2532738647.resource": "",
                            "all_settings.2532738647.value": "http://api.psp/api/v3/",
                            "all_settings.2542474489.name": "LoadBalancerType",
                            "all_settings.2542474489.namespace": "aws:elasticbeanstalk:environment",
                            "all_settings.2542474489.resource": "",
                            "all_settings.2542474489.value": "classic",
                            "all_settings.2558821935.name": "PauseTime",
                            "all_settings.2558821935.namespace": "aws:autoscaling:updatepolicy:rollingupdate",
                            "all_settings.2558821935.resource": "",
                            "all_settings.2558821935.value": "",
                            "all_settings.2558992023.name": "ManagedActionsEnabled",
                            "all_settings.2558992023.namespace": "aws:elasticbeanstalk:managedactions",
                            "all_settings.2558992023.resource": "",
                            "all_settings.2558992023.value": "true",
                            "all_settings.2578083670.name": "InstancePort",
                            "all_settings.2578083670.namespace": "aws:cloudformation:template:parameter",
                            "all_settings.2578083670.resource": "",
                            "all_settings.2578083670.value": "80",
                            "all_settings.268138685.name": "DB_DATABASE",
                            "all_settings.268138685.namespace": "aws:elasticbeanstalk:application:environment",
                            "all_settings.268138685.resource": "",
                            "all_settings.268138685.value": "homestead",
                            "all_settings.2802271818.name": "InstanceType",
                            "all_settings.2802271818.namespace": "aws:autoscaling:launchconfiguration",
                            "all_settings.2802271818.resource": "",
                            "all_settings.2802271818.value": "t2.small",
                            "all_settings.28260639.name": "Application Healthcheck URL",
                            "all_settings.28260639.namespace": "aws:elasticbeanstalk:application",
                            "all_settings.28260639.resource": "",
                            "all_settings.28260639.value": "",
                            "all_settings.2827474164.name": "ConnectionSettingIdleTimeout",
                            "all_settings.2827474164.namespace": "aws:elb:policies",
                            "all_settings.2827474164.resource": "",
                            "all_settings.2827474164.value": "60",
                            "all_settings.285213017.name": "PolicyNames",
                            "all_settings.285213017.namespace": "aws:elb:listener:80",
                            "all_settings.285213017.resource": "",
                            "all_settings.285213017.value": "",
                            "all_settings.2929485696.name": "EnvironmentType",
                            "all_settings.2929485696.namespace": "aws:elasticbeanstalk:environment",
                            "all_settings.2929485696.resource": "",
                            "all_settings.2929485696.value": "LoadBalanced",
                            "all_settings.2983186660.name": "UpdateLevel",
                            "all_settings.2983186660.namespace": "aws:elasticbeanstalk:managedactions:platformupdate",
                            "all_settings.2983186660.resource": "",
                            "all_settings.2983186660.value": "minor",
                            "all_settings.3000736565.name": "APP_DEBUG",
                            "all_settings.3000736565.namespace": "aws:elasticbeanstalk:application:environment",
                            "all_settings.3000736565.resource": "",
                            "all_settings.3000736565.value": "false",
                            "all_settings.3007260544.name": "AssociatePublicIpAddress",
                            "all_settings.3007260544.namespace": "aws:ec2:vpc",
                            "all_settings.3007260544.resource": "",
                            "all_settings.3007260544.value": "true",
                            "all_settings.3028455964.name": "zlib.output_compression",
                            "all_settings.3028455964.namespace": "aws:elasticbeanstalk:container:php:phpini",
                            "all_settings.3028455964.resource": "",
                            "all_settings.3028455964.value": "Off",
                            "all_settings.304444642.name": "ConnectionDrainingTimeout",
                            "all_settings.304444642.namespace": "aws:elb:policies",
                            "all_settings.304444642.resource": "",
                            "all_settings.304444642.value": "20",
                            "all_settings.305264966.name": "HooksPkgUrl",
                            "all_settings.305264966.namespace": "aws:cloudformation:template:parameter",
                            "all_settings.305264966.resource": "",
                            "all_settings.305264966.value": "https://s3.dualstack.eu-west-1.amazonaws.com/elasticbeanstalk-env-resources-eu-west-1/stalks/eb_php_4.0.1.84.0/lib/assets.tar.gz",
                            "all_settings.3109865816.name": "PreferredStartTime",
                            "all_settings.3109865816.namespace": "aws:elasticbeanstalk:managedactions",
                            "all_settings.3109865816.resource": "",
                            "all_settings.3109865816.value": "Sat:04:00",
                            "all_settings.3163218702.name": "Interval",
                            "all_settings.3163218702.namespace": "aws:elb:healthcheck",
                            "all_settings.3163218702.resource": "",
                            "all_settings.3163218702.value": "10",
                            "all_settings.3225151102.name": "MaxSize",
                            "all_settings.3225151102.namespace": "aws:autoscaling:asg",
                            "all_settings.3225151102.resource": "",
                            "all_settings.3225151102.value": "2",
                            "all_settings.323650789.name": "REPORTING_DATABASE",
                            "all_settings.323650789.namespace": "aws:elasticbeanstalk:application:environment",
                            "all_settings.323650789.resource": "",
                            "all_settings.323650789.value": "reporting",
                            "all_settings.3243179558.name": "ExternalExtensionsS3Key",
                            "all_settings.3243179558.namespace": "aws:elasticbeanstalk:environment",
                            "all_settings.3243179558.resource": "",
                            "all_settings.3243179558.value": "",
                            "all_settings.3246832476.name": "OLD_DB_DATABASE",
                            "all_settings.3246832476.namespace": "aws:elasticbeanstalk:application:environment",
                            "all_settings.3246832476.resource": "",
                            "all_settings.3246832476.value": "old_psp",
                            "all_settings.3263411188.name": "RootVolumeIOPS",
                            "all_settings.3263411188.namespace": "aws:autoscaling:launchconfiguration",
                            "all_settings.3263411188.resource": "",
                            "all_settings.3263411188.value": "",
                            "all_settings.3300799582.name": "RetentionInDays",
                            "all_settings.3300799582.namespace": "aws:elasticbeanstalk:cloudwatch:logs",
                            "all_settings.3300799582.resource": "",
                            "all_settings.3300799582.value": "90",
                            "all_settings.3305636593.name": "UpperThreshold",
                            "all_settings.3305636593.namespace": "aws:autoscaling:trigger",
                            "all_settings.3305636593.resource": "",
                            "all_settings.3305636593.value": "6000000",
                            "all_settings.331847348.name": "DB_PASSWORD",
                            "all_settings.331847348.namespace": "aws:elasticbeanstalk:application:environment",
                            "all_settings.331847348.resource": "",
                            "all_settings.331847348.value": "secret",
                            "all_settings.3346705503.name": "EPRO_ID",
                            "all_settings.3346705503.namespace": "aws:elasticbeanstalk:application:environment",
                            "all_settings.3346705503.resource": "",
                            "all_settings.3346705503.value": "1",
                            "all_settings.3354438189.name": "Timeout",
                            "all_settings.3354438189.namespace": "aws:autoscaling:updatepolicy:rollingupdate",
                            "all_settings.3354438189.resource": "",
                            "all_settings.3354438189.value": "PT30M",
                            "all_settings.3396910454.name": "HealthCheckSuccessThreshold",
                            "all_settings.3396910454.namespace": "aws:elasticbeanstalk:healthreporting:system",
                            "all_settings.3396910454.resource": "",
                            "all_settings.3396910454.value": "Ok",
                            "all_settings.3402994671.name": "Statistic",
                            "all_settings.3402994671.namespace": "aws:autoscaling:trigger",
                            "all_settings.3402994671.resource": "",
                            "all_settings.3402994671.value": "Average",
                            "all_settings.3437770258.name": "SUMOLOGIC_ACCESS_ID",
                            "all_settings.3437770258.namespace": "aws:elasticbeanstalk:application:environment",
                            "all_settings.3437770258.resource": "",
                            "all_settings.3437770258.value": "suKbBWKBtMKV2O",
                            "all_settings.3438018982.name": "MonitoringInterval",
                            "all_settings.3438018982.namespace": "aws:autoscaling:launchconfiguration",
                            "all_settings.3438018982.resource": "",
                            "all_settings.3438018982.value": "5 minute",
                            "all_settings.3478105888.name": "StreamLogs",
                            "all_settings.3478105888.namespace": "aws:elasticbeanstalk:cloudwatch:logs",
                            "all_settings.3478105888.resource": "",
                            "all_settings.3478105888.value": "true",
                            "all_settings.3496875314.name": "LowerThreshold",
                            "all_settings.3496875314.namespace": "aws:autoscaling:trigger",
                            "all_settings.3496875314.resource": "",
                            "all_settings.3496875314.value": "2000000",
                            "all_settings.3502087315.name": "CrossZone",
                            "all_settings.3502087315.namespace": "aws:elb:loadbalancer",
                            "all_settings.3502087315.resource": "",
                            "all_settings.3502087315.value": "false",
                            "all_settings.3545041252.name": "Unit",
                            "all_settings.3545041252.namespace": "aws:autoscaling:trigger",
                            "all_settings.3545041252.resource": "",
                            "all_settings.3545041252.value": "Bytes",
                            "all_settings.3560791348.name": "APP_LOCALE",
                            "all_settings.3560791348.namespace": "aws:elasticbeanstalk:application:environment",
                            "all_settings.3560791348.resource": "",
                            "all_settings.3560791348.value": "en",
                            "all_settings.3584475532.name": "Notification Topic Name",
                            "all_settings.3584475532.namespace": "aws:elasticbeanstalk:sns:topics",
                            "all_settings.3584475532.resource": "",
                            "all_settings.3584475532.value": "",
                            "all_settings.3612309826.name": "document_root",
                            "all_settings.3612309826.namespace": "aws:elasticbeanstalk:container:php:phpini",
                            "all_settings.3612309826.resource": "",
                            "all_settings.3612309826.value": "",
                            "all_settings.3615826456.name": "ExternalExtensionsS3Bucket",
                            "all_settings.3615826456.namespace": "aws:elasticbeanstalk:environment",
                            "all_settings.3615826456.resource": "",
                            "all_settings.3615826456.value": "",
                            "all_settings.3648591417.name": "Cooldown",
                            "all_settings.3648591417.namespace": "aws:autoscaling:asg",
                            "all_settings.3648591417.resource": "",
                            "all_settings.3648591417.value": "360",
                            "all_settings.3665611509.name": "SecurityGroups",
                            "all_settings.3665611509.namespace": "aws:autoscaling:launchconfiguration",
                            "all_settings.3665611509.resource": "",
                            "all_settings.3665611509.value": "",
                            "all_settings.3702291124.name": "OLD_DB_PASSWORD",
                            "all_settings.3702291124.namespace": "aws:elasticbeanstalk:application:environment",
                            "all_settings.3702291124.resource": "",
                            "all_settings.3702291124.value": "secret",
                            "all_settings.37040285.name": "ServiceRole",
                            "all_settings.37040285.namespace": "aws:elasticbeanstalk:environment",
                            "all_settings.37040285.resource": "",
                            "all_settings.37040285.value": "aws-elasticbeanstalk-service-role",
                            "all_settings.3705073300.name": "Notification Protocol",
                            "all_settings.3705073300.namespace": "aws:elasticbeanstalk:sns:topics",
                            "all_settings.3705073300.resource": "",
                            "all_settings.3705073300.value": "email",
                            "all_settings.3708017666.name": "LowerBreachScaleIncrement",
                            "all_settings.3708017666.namespace": "aws:autoscaling:trigger",
                            "all_settings.3708017666.resource": "",
                            "all_settings.3708017666.value": "-1",
                            "all_settings.374932930.name": "ELBSubnets",
                            "all_settings.374932930.namespace": "aws:ec2:vpc",
                            "all_settings.374932930.resource": "",
                            "all_settings.374932930.value": "subnet-7ed9b037,subnet-eae548b1",
                            "all_settings.3756748296.name": "DB_USERNAME",
                            "all_settings.3756748296.namespace": "aws:elasticbeanstalk:application:environment",
                            "all_settings.3756748296.resource": "",
                            "all_settings.3756748296.value": "homestead",
                            "all_settings.3819171574.name": "RootVolumeSize",
                            "all_settings.3819171574.namespace": "aws:autoscaling:launchconfiguration",
                            "all_settings.3819171574.resource": "",
                            "all_settings.3819171574.value": "100",
                            "all_settings.3881234966.name": "JWT_SECRET",
                            "all_settings.3881234966.namespace": "aws:elasticbeanstalk:application:environment",
                            "all_settings.3881234966.resource": "",
                            "all_settings.3881234966.value": "9oyf2NiJgvOgvaRi",
                            "all_settings.3929976136.name": "BatchSize",
                            "all_settings.3929976136.namespace": "aws:elasticbeanstalk:command",
                            "all_settings.3929976136.resource": "",
                            "all_settings.3929976136.value": "100",
                            "all_settings.3961867433.name": "SSLCertificateId",
                            "all_settings.3961867433.namespace": "aws:elb:loadbalancer",
                            "all_settings.3961867433.resource": "",
                            "all_settings.3961867433.value": "",
                            "all_settings.3981805791.name": "Automatically Terminate Unhealthy Instances",
                            "all_settings.3981805791.namespace": "aws:elasticbeanstalk:monitoring",
                            "all_settings.3981805791.resource": "",
                            "all_settings.3981805791.value": "true",
                            "all_settings.3992836147.name": "REPORTING_REPLICASET",
                            "all_settings.3992836147.namespace": "aws:elasticbeanstalk:application:environment",
                            "all_settings.3992836147.resource": "",
                            "all_settings.3992836147.value": "",
                            "all_settings.4020527343.name": "InstancePort",
                            "all_settings.4020527343.namespace": "aws:elb:listener:80",
                            "all_settings.4020527343.resource": "",
                            "all_settings.4020527343.value": "80",
                            "all_settings.4049442346.name": "MeasureName",
                            "all_settings.4049442346.namespace": "aws:autoscaling:trigger",
                            "all_settings.4049442346.resource": "",
                            "all_settings.4049442346.value": "NetworkOut",
                            "all_settings.409196475.name": "ENVIRONMENT",
                            "all_settings.409196475.namespace": "aws:elasticbeanstalk:application:environment",
                            "all_settings.409196475.resource": "",
                            "all_settings.409196475.value": "dev",
                            "all_settings.4100247781.name": "BreachDuration",
                            "all_settings.4100247781.namespace": "aws:autoscaling:trigger",
                            "all_settings.4100247781.resource": "",
                            "all_settings.4100247781.value": "5",
                            "all_settings.4107770397.name": "Target",
                            "all_settings.4107770397.namespace": "aws:elb:healthcheck",
                            "all_settings.4107770397.resource": "",
                            "all_settings.4107770397.value": "TCP:80",
                            "all_settings.4148194039.name": "OLD_DB_USERNAME",
                            "all_settings.4148194039.namespace": "aws:elasticbeanstalk:application:environment",
                            "all_settings.4148194039.resource": "",
                            "all_settings.4148194039.value": "homestead",
                            "all_settings.4158491586.name": "DeleteOnTerminate",
                            "all_settings.4158491586.namespace": "aws:elasticbeanstalk:cloudwatch:logs",
                            "all_settings.4158491586.resource": "",
                            "all_settings.4158491586.value": "true",
                            "all_settings.4167503353.name": "LaunchTimeout",
                            "all_settings.4167503353.namespace": "aws:elasticbeanstalk:control",
                            "all_settings.4167503353.resource": "",
                            "all_settings.4167503353.value": "0",
                            "all_settings.4201439372.name": "APP_KEY_ALT",
                            "all_settings.4201439372.namespace": "aws:elasticbeanstalk:application:environment",
                            "all_settings.4201439372.resource": "",
                            "all_settings.4201439372.value": "I6V9SNheOsCSsw7DiFVN0tMThnTjpX4n",
                            "all_settings.4232919657.name": "SecurityGroups",
                            "all_settings.4232919657.namespace": "aws:elb:loadbalancer",
                            "all_settings.4232919657.resource": "",
                            "all_settings.4232919657.value": "",
                            "all_settings.4267362780.name": "Timeout",
                            "all_settings.4267362780.namespace": "aws:elb:healthcheck",
                            "all_settings.4267362780.resource": "",
                            "all_settings.4267362780.value": "5",
                            "all_settings.433110370.name": "DefaultSSHPort",
                            "all_settings.433110370.namespace": "aws:elasticbeanstalk:control",
                            "all_settings.433110370.resource": "",
                            "all_settings.433110370.value": "22",
                            "all_settings.493815232.name": "MaxBatchSize",
                            "all_settings.493815232.namespace": "aws:autoscaling:updatepolicy:rollingupdate",
                            "all_settings.493815232.resource": "",
                            "all_settings.493815232.value": "1",
                            "all_settings.502734328.name": "SSHSourceRestriction",
                            "all_settings.502734328.namespace": "aws:autoscaling:launchconfiguration",
                            "all_settings.502734328.resource": "",
                            "all_settings.502734328.value": "tcp,22,22,0.0.0.0/0",
                            "all_settings.524047086.name": "APP_ENV",
                            "all_settings.524047086.namespace": "aws:elasticbeanstalk:application:environment",
                            "all_settings.524047086.resource": "",
                            "all_settings.524047086.value": "local",
                            "all_settings.59521051.name": "HealthyThreshold",
                            "all_settings.59521051.namespace": "aws:elb:healthcheck",
                            "all_settings.59521051.resource": "",
                            "all_settings.59521051.value": "3",
                            "all_settings.601394433.name": "ELBScheme",
                            "all_settings.601394433.namespace": "aws:ec2:vpc",
                            "all_settings.601394433.resource": "",
                            "all_settings.601394433.value": "external",
                            "all_settings.602761701.name": "EC2KeyName",
                            "all_settings.602761701.namespace": "aws:autoscaling:launchconfiguration",
                            "all_settings.602761701.resource": "",
                            "all_settings.602761701.value": "beanstalk",
                            "all_settings.731293825.name": "LoadBalancerHTTPSPort",
                            "all_settings.731293825.namespace": "aws:elb:loadbalancer",
                            "all_settings.731293825.resource": "",
                            "all_settings.731293825.value": "OFF",
                            "all_settings.747815089.name": "BatchSizeType",
                            "all_settings.747815089.namespace": "aws:elasticbeanstalk:command",
                            "all_settings.747815089.resource": "",
                            "all_settings.747815089.value": "Percentage",
                            "all_settings.762699993.name": "VPCId",
                            "all_settings.762699993.namespace": "aws:ec2:vpc",
                            "all_settings.762699993.resource": "",
                            "all_settings.762699993.value": "vpc-f1b4dc96",
                            "all_settings.784312882.name": "LoadBalancerHTTPPort",
                            "all_settings.784312882.namespace": "aws:elb:loadbalancer",
                            "all_settings.784312882.resource": "",
                            "all_settings.784312882.value": "80",
                            "all_settings.840755022.name": "EnvironmentVariables",
                            "all_settings.840755022.namespace": "aws:cloudformation:template:parameter",
                            "all_settings.840755022.resource": "",
                            "all_settings.840755022.value": "APP_FALLBACK_LOCALE=en,APP_ENV=local,SUMOLOGIC_SOURCE_CATEGORY=psp-api-dev,ENVIRONMENT=dev,SUMOLOGIC_ACCESS_KEY=XpraYhrnzAdUwNaX1lm6WovZSpySzaC0Fzktwvl3SDsphPpb9PaAL9tIYaC79DcF,REPORTING_PASSWORD=,REPORTING_DATABASE=reporting,APP_KEY=I6V9SNheOsCSsw7DiFVN0tMThnTjpX4n,OLD_DB_DATABASE=old_psp,OLD_DB_PASSWORD=secret,SUMOLOGIC_ACCESS_ID=suKbBWKBtMKV2O,PSP_REPORTING_URL=http://reporting.psp/api/v3/bumin-hamam-07/,OLD_DB_HOST=localhost,OLD_DB_USERNAME=homestead,DB_USERNAME=homestead,JWT_SECRET=9oyf2NiJgvOgvaRi,PSP_API_URL=http://api.psp/api/v3/,PAYDOH_ID=1,APP_DEBUG=false,REPORTING_REPLICASET=,PSP_CHECKOUT_URL=http://payment.psp/,PSP_ADMIN_KEY=Zuu3mUjUeznXKy,APP_LOCALE=en,REPORTING_USERNAME=,EPRO_ID=1,DB_HOST=localhost,APP_KEY_ALT=I6V9SNheOsCSsw7DiFVN0tMThnTjpX4n,PSP_IPAYNET_CHECKOUT_URL=http://payment.psp/,REPORTING_HOST=10.0.2.2:27017,DB_DATABASE=homestead,DB_PASSWORD=secret",
                            "all_settings.881749867.name": "Timeout",
                            "all_settings.881749867.namespace": "aws:elasticbeanstalk:command",
                            "all_settings.881749867.resource": "",
                            "all_settings.881749867.value": "600",
                            "all_settings.900658457.name": "APP_KEY",
                            "all_settings.900658457.namespace": "aws:elasticbeanstalk:application:environment",
                            "all_settings.900658457.resource": "",
                            "all_settings.900658457.value": "I6V9SNheOsCSsw7DiFVN0tMThnTjpX4n",
                            "all_settings.931388417.name": "ImageId",
                            "all_settings.931388417.namespace": "aws:autoscaling:launchconfiguration",
                            "all_settings.931388417.resource": "",
                            "all_settings.931388417.value": "ami-aab348d3",
                            "all_settings.940069638.name": "RollbackLaunchOnFailure",
                            "all_settings.940069638.namespace": "aws:elasticbeanstalk:control",
                            "all_settings.940069638.resource": "",
                            "all_settings.940069638.value": "false",
                            "all_settings.965175009.name": "SUMOLOGIC_SOURCE_CATEGORY",
                            "all_settings.965175009.namespace": "aws:elasticbeanstalk:application:environment",
                            "all_settings.965175009.resource": "",
                            "all_settings.965175009.value": "psp-api-dev",
                            "application": "psp-api",
                            "autoscaling_groups.#": "1",
                            "autoscaling_groups.0": "awseb-e-d4y5xr3mdr-stack-AWSEBAutoScalingGroup-19T2E5AI0MGRY",
                            "cname": "psp-api-dev.panhzbb5yr.eu-west-1.elasticbeanstalk.com",
                            "cname_prefix": "",
                            "description": "",
                            "id": "e-d4y5xr3mdr",
                            "instances.#": "1",
                            "instances.0": "i-0e31058eae3423d5b",
                            "launch_configurations.#": "1",
                            "launch_configurations.0": "awseb-e-d4y5xr3mdr-stack-AWSEBAutoScalingLaunchConfiguration-1TVNJL9RSAAD",
                            "load_balancers.#": "1",
                            "load_balancers.0": "awseb-e-d-AWSEBLoa-T8ZI57S2U70",
                            "name": "psp-api-dev",
                            "queues.#": "0",
                            "setting.#": "56",
                            "setting.1141806546.name": "REPORTING_HOST",
                            "setting.1141806546.namespace": "aws:elasticbeanstalk:application:environment",
                            "setting.1141806546.resource": "",
                            "setting.1141806546.value": "10.0.2.2:27017",
                            "setting.1311926541.name": "RollingUpdateEnabled",
                            "setting.1311926541.namespace": "aws:autoscaling:updatepolicy:rollingupdate",
                            "setting.1311926541.resource": "",
                            "setting.1311926541.value": "true",
                            "setting.1442648321.name": "PSP_IPAYNET_CHECKOUT_URL",
                            "setting.1442648321.namespace": "aws:elasticbeanstalk:application:environment",
                            "setting.1442648321.resource": "",
                            "setting.1442648321.value": "http://payment.psp/",
                            "setting.1480839251.name": "REPORTING_PASSWORD",
                            "setting.1480839251.namespace": "aws:elasticbeanstalk:application:environment",
                            "setting.1480839251.resource": "",
                            "setting.1480839251.value": "",
                            "setting.1499800684.name": "RootVolumeType",
                            "setting.1499800684.namespace": "aws:autoscaling:launchconfiguration",
                            "setting.1499800684.resource": "",
                            "setting.1499800684.value": "gp2",
                            "setting.1510200368.name": "PSP_REPORTING_URL",
                            "setting.1510200368.namespace": "aws:elasticbeanstalk:application:environment",
                            "setting.1510200368.resource": "",
                            "setting.1510200368.value": "http://reporting.psp/api/v3/bumin-hamam-07/",
                            "setting.1511930519.name": "DB_HOST",
                            "setting.1511930519.namespace": "aws:elasticbeanstalk:application:environment",
                            "setting.1511930519.resource": "",
                            "setting.1511930519.value": "localhost",
                            "setting.1569408773.name": "PAYDOH_ID",
                            "setting.1569408773.namespace": "aws:elasticbeanstalk:application:environment",
                            "setting.1569408773.resource": "",
                            "setting.1569408773.value": "1",
                            "setting.1616285399.name": "REPORTING_USERNAME",
                            "setting.1616285399.namespace": "aws:elasticbeanstalk:application:environment",
                            "setting.1616285399.resource": "",
                            "setting.1616285399.value": "",
                            "setting.2023307816.name": "PSP_CHECKOUT_URL",
                            "setting.2023307816.namespace": "aws:elasticbeanstalk:application:environment",
                            "setting.2023307816.resource": "",
                            "setting.2023307816.value": "http://payment.psp/",
                            "setting.2033049486.name": "APP_FALLBACK_LOCALE",
                            "setting.2033049486.namespace": "aws:elasticbeanstalk:application:environment",
                            "setting.2033049486.resource": "",
                            "setting.2033049486.value": "en",
                            "setting.2042988913.name": "SUMOLOGIC_ACCESS_KEY",
                            "setting.2042988913.namespace": "aws:elasticbeanstalk:application:environment",
                            "setting.2042988913.resource": "",
                            "setting.2042988913.value": "XpraYhrnzAdUwNaX1lm6WovZSpySzaC0Fzktwvl3SDsphPpb9PaAL9tIYaC79DcF",
                            "setting.2147034849.name": "PSP_ADMIN_KEY",
                            "setting.2147034849.namespace": "aws:elasticbeanstalk:application:environment",
                            "setting.2147034849.resource": "",
                            "setting.2147034849.value": "Zuu3mUjUeznXKy",
                            "setting.2262995125.name": "Availability Zones",
                            "setting.2262995125.namespace": "aws:autoscaling:asg",
                            "setting.2262995125.resource": "",
                            "setting.2262995125.value": "Any 2",
                            "setting.2276893638.name": "RollingUpdateType",
                            "setting.2276893638.namespace": "aws:autoscaling:updatepolicy:rollingupdate",
                            "setting.2276893638.resource": "",
                            "setting.2276893638.value": "Health",
                            "setting.2325195267.name": "Subnets",
                            "setting.2325195267.namespace": "aws:ec2:vpc",
                            "setting.2325195267.resource": "",
                            "setting.2325195267.value": "subnet-7ed9b037,subnet-eae548b1",
                            "setting.2338825121.name": "OLD_DB_HOST",
                            "setting.2338825121.namespace": "aws:elasticbeanstalk:application:environment",
                            "setting.2338825121.resource": "",
                            "setting.2338825121.value": "localhost",
                            "setting.2395212047.name": "IamInstanceProfile",
                            "setting.2395212047.namespace": "aws:autoscaling:launchconfiguration",
                            "setting.2395212047.resource": "",
                            "setting.2395212047.value": "aws-elasticbeanstalk-ec2-role",
                            "setting.2396587397.name": "MinSize",
                            "setting.2396587397.namespace": "aws:autoscaling:asg",
                            "setting.2396587397.resource": "",
                            "setting.2396587397.value": "1",
                            "setting.2420299722.name": "SystemType",
                            "setting.2420299722.namespace": "aws:elasticbeanstalk:healthreporting:system",
                            "setting.2420299722.resource": "",
                            "setting.2420299722.value": "enhanced",
                            "setting.2434350444.name": "Notification Endpoint",
                            "setting.2434350444.namespace": "aws:elasticbeanstalk:sns:topics",
                            "setting.2434350444.resource": "",
                            "setting.2434350444.value": "ops@eftsoftware.com",
                            "setting.2532738647.name": "PSP_API_URL",
                            "setting.2532738647.namespace": "aws:elasticbeanstalk:application:environment",
                            "setting.2532738647.resource": "",
                            "setting.2532738647.value": "http://api.psp/api/v3/",
                            "setting.2558992023.name": "ManagedActionsEnabled",
                            "setting.2558992023.namespace": "aws:elasticbeanstalk:managedactions",
                            "setting.2558992023.resource": "",
                            "setting.2558992023.value": "true",
                            "setting.268138685.name": "DB_DATABASE",
                            "setting.268138685.namespace": "aws:elasticbeanstalk:application:environment",
                            "setting.268138685.resource": "",
                            "setting.268138685.value": "homestead",
                            "setting.2802271818.name": "InstanceType",
                            "setting.2802271818.namespace": "aws:autoscaling:launchconfiguration",
                            "setting.2802271818.resource": "",
                            "setting.2802271818.value": "t2.small",
                            "setting.2983186660.name": "UpdateLevel",
                            "setting.2983186660.namespace": "aws:elasticbeanstalk:managedactions:platformupdate",
                            "setting.2983186660.resource": "",
                            "setting.2983186660.value": "minor",
                            "setting.3000736565.name": "APP_DEBUG",
                            "setting.3000736565.namespace": "aws:elasticbeanstalk:application:environment",
                            "setting.3000736565.resource": "",
                            "setting.3000736565.value": "false",
                            "setting.3007260544.name": "AssociatePublicIpAddress",
                            "setting.3007260544.namespace": "aws:ec2:vpc",
                            "setting.3007260544.resource": "",
                            "setting.3007260544.value": "true",
                            "setting.3109865816.name": "PreferredStartTime",
                            "setting.3109865816.namespace": "aws:elasticbeanstalk:managedactions",
                            "setting.3109865816.resource": "",
                            "setting.3109865816.value": "Sat:04:00",
                            "setting.3225151102.name": "MaxSize",
                            "setting.3225151102.namespace": "aws:autoscaling:asg",
                            "setting.3225151102.resource": "",
                            "setting.3225151102.value": "2",
                            "setting.323650789.name": "REPORTING_DATABASE",
                            "setting.323650789.namespace": "aws:elasticbeanstalk:application:environment",
                            "setting.323650789.resource": "",
                            "setting.323650789.value": "reporting",
                            "setting.3246832476.name": "OLD_DB_DATABASE",
                            "setting.3246832476.namespace": "aws:elasticbeanstalk:application:environment",
                            "setting.3246832476.resource": "",
                            "setting.3246832476.value": "old_psp",
                            "setting.3300799582.name": "RetentionInDays",
                            "setting.3300799582.namespace": "aws:elasticbeanstalk:cloudwatch:logs",
                            "setting.3300799582.resource": "",
                            "setting.3300799582.value": "90",
                            "setting.331847348.name": "DB_PASSWORD",
                            "setting.331847348.namespace": "aws:elasticbeanstalk:application:environment",
                            "setting.331847348.resource": "",
                            "setting.331847348.value": "secret",
                            "setting.3346705503.name": "EPRO_ID",
                            "setting.3346705503.namespace": "aws:elasticbeanstalk:application:environment",
                            "setting.3346705503.resource": "",
                            "setting.3346705503.value": "1",
                            "setting.3437770258.name": "SUMOLOGIC_ACCESS_ID",
                            "setting.3437770258.namespace": "aws:elasticbeanstalk:application:environment",
                            "setting.3437770258.resource": "",
                            "setting.3437770258.value": "suKbBWKBtMKV2O",
                            "setting.3478105888.name": "StreamLogs",
                            "setting.3478105888.namespace": "aws:elasticbeanstalk:cloudwatch:logs",
                            "setting.3478105888.resource": "",
                            "setting.3478105888.value": "true",
                            "setting.3560791348.name": "APP_LOCALE",
                            "setting.3560791348.namespace": "aws:elasticbeanstalk:application:environment",
                            "setting.3560791348.resource": "",
                            "setting.3560791348.value": "en",
                            "setting.3702291124.name": "OLD_DB_PASSWORD",
                            "setting.3702291124.namespace": "aws:elasticbeanstalk:application:environment",
                            "setting.3702291124.resource": "",
                            "setting.3702291124.value": "secret",
                            "setting.37040285.name": "ServiceRole",
                            "setting.37040285.namespace": "aws:elasticbeanstalk:environment",
                            "setting.37040285.resource": "",
                            "setting.37040285.value": "aws-elasticbeanstalk-service-role",
                            "setting.3705073300.name": "Notification Protocol",
                            "setting.3705073300.namespace": "aws:elasticbeanstalk:sns:topics",
                            "setting.3705073300.resource": "",
                            "setting.3705073300.value": "email",
                            "setting.374932930.name": "ELBSubnets",
                            "setting.374932930.namespace": "aws:ec2:vpc",
                            "setting.374932930.resource": "",
                            "setting.374932930.value": "subnet-7ed9b037,subnet-eae548b1",
                            "setting.3756748296.name": "DB_USERNAME",
                            "setting.3756748296.namespace": "aws:elasticbeanstalk:application:environment",
                            "setting.3756748296.resource": "",
                            "setting.3756748296.value": "homestead",
                            "setting.3819171574.name": "RootVolumeSize",
                            "setting.3819171574.namespace": "aws:autoscaling:launchconfiguration",
                            "setting.3819171574.resource": "",
                            "setting.3819171574.value": "100",
                            "setting.3881234966.name": "JWT_SECRET",
                            "setting.3881234966.namespace": "aws:elasticbeanstalk:application:environment",
                            "setting.3881234966.resource": "",
                            "setting.3881234966.value": "9oyf2NiJgvOgvaRi",
                            "setting.3992836147.name": "REPORTING_REPLICASET",
                            "setting.3992836147.namespace": "aws:elasticbeanstalk:application:environment",
                            "setting.3992836147.resource": "",
                            "setting.3992836147.value": "",
                            "setting.409196475.name": "ENVIRONMENT",
                            "setting.409196475.namespace": "aws:elasticbeanstalk:application:environment",
                            "setting.409196475.resource": "",
                            "setting.409196475.value": "dev",
                            "setting.4148194039.name": "OLD_DB_USERNAME",
                            "setting.4148194039.namespace": "aws:elasticbeanstalk:application:environment",
                            "setting.4148194039.resource": "",
                            "setting.4148194039.value": "homestead",
                            "setting.4158491586.name": "DeleteOnTerminate",
                            "setting.4158491586.namespace": "aws:elasticbeanstalk:cloudwatch:logs",
                            "setting.4158491586.resource": "",
                            "setting.4158491586.value": "true",
                            "setting.4201439372.name": "APP_KEY_ALT",
                            "setting.4201439372.namespace": "aws:elasticbeanstalk:application:environment",
                            "setting.4201439372.resource": "",
                            "setting.4201439372.value": "I6V9SNheOsCSsw7DiFVN0tMThnTjpX4n",
                            "setting.524047086.name": "APP_ENV",
                            "setting.524047086.namespace": "aws:elasticbeanstalk:application:environment",
                            "setting.524047086.resource": "",
                            "setting.524047086.value": "local",
                            "setting.601394433.name": "ELBScheme",
                            "setting.601394433.namespace": "aws:ec2:vpc",
                            "setting.601394433.resource": "",
                            "setting.601394433.value": "external",
                            "setting.602761701.name": "EC2KeyName",
                            "setting.602761701.namespace": "aws:autoscaling:launchconfiguration",
                            "setting.602761701.resource": "",
                            "setting.602761701.value": "beanstalk",
                            "setting.762699993.name": "VPCId",
                            "setting.762699993.namespace": "aws:ec2:vpc",
                            "setting.762699993.resource": "",
                            "setting.762699993.value": "vpc-f1b4dc96",
                            "setting.900658457.name": "APP_KEY",
                            "setting.900658457.namespace": "aws:elasticbeanstalk:application:environment",
                            "setting.900658457.resource": "",
                            "setting.900658457.value": "I6V9SNheOsCSsw7DiFVN0tMThnTjpX4n",
                            "setting.965175009.name": "SUMOLOGIC_SOURCE_CATEGORY",
                            "setting.965175009.namespace": "aws:elasticbeanstalk:application:environment",
                            "setting.965175009.resource": "",
                            "setting.965175009.value": "psp-api-dev",
                            "solution_stack_name": "64bit Amazon Linux 2017.03 v2.4.4 running PHP 7.0",
                            "tags.%": "2",
                            "tags.Environment": "DEV",
                            "tags.Team": "psp-api",
                            "tier": "WebServer",
                            "triggers.#": "0",
                            "version_label": "",
                            "wait_for_ready_timeout": "20m"
                        },
                        "meta": {
                            "schema_version": "1"
                        },
                        "tainted": true
                    },
                    "deposed": [],
                    "provider": ""
                },
                "aws_elastic_beanstalk_environment.psp-api-prod": {
                    "type": "aws_elastic_beanstalk_environment",
                    "depends_on": [],
                    "primary": {
                        "id": "e-hu2v8crvki",
                        "attributes": {
                            "all_settings.#": "129",
                            "all_settings.1036703857.name": "EvaluationPeriods",
                            "all_settings.1036703857.namespace": "aws:autoscaling:trigger",
                            "all_settings.1036703857.resource": "",
                            "all_settings.1036703857.value": "1",
                            "all_settings.1093784765.name": "ListenerProtocol",
                            "all_settings.1093784765.namespace": "aws:elb:listener:80",
                            "all_settings.1093784765.resource": "",
                            "all_settings.1093784765.value": "HTTP",
                            "all_settings.1105127146.name": "LoadBalancerPortProtocol",
                            "all_settings.1105127146.namespace": "aws:elb:loadbalancer",
                            "all_settings.1105127146.resource": "",
                            "all_settings.1105127146.value": "HTTP",
                            "all_settings.1139450884.name": "memory_limit",
                            "all_settings.1139450884.namespace": "aws:elasticbeanstalk:container:php:phpini",
                            "all_settings.1139450884.resource": "",
                            "all_settings.1139450884.value": "256M",
                            "all_settings.1141806546.name": "REPORTING_HOST",
                            "all_settings.1141806546.namespace": "aws:elasticbeanstalk:application:environment",
                            "all_settings.1141806546.resource": "",
                            "all_settings.1141806546.value": "10.0.2.2:27017",
                            "all_settings.1148368735.name": "ConnectionDrainingEnabled",
                            "all_settings.1148368735.namespace": "aws:elb:policies",
                            "all_settings.1148368735.resource": "",
                            "all_settings.1148368735.value": "false",
                            "all_settings.1311926541.name": "RollingUpdateEnabled",
                            "all_settings.1311926541.namespace": "aws:autoscaling:updatepolicy:rollingupdate",
                            "all_settings.1311926541.resource": "",
                            "all_settings.1311926541.value": "true",
                            "all_settings.1413020927.name": "ConfigDocument",
                            "all_settings.1413020927.namespace": "aws:elasticbeanstalk:healthreporting:system",
                            "all_settings.1413020927.resource": "",
                            "all_settings.1413020927.value": "{\"Version\":1,\"CloudWatchMetrics\":{\"Instance\":{\"CPUIrq\":null,\"LoadAverage5min\":null,\"ApplicationRequests5xx\":null,\"ApplicationRequests4xx\":null,\"CPUUser\":null,\"LoadAverage1min\":null,\"ApplicationLatencyP50\":null,\"CPUIdle\":null,\"InstanceHealth\":null,\"ApplicationLatencyP95\":null,\"ApplicationLatencyP85\":null,\"RootFilesystemUtil\":null,\"ApplicationLatencyP90\":null,\"CPUSystem\":null,\"ApplicationLatencyP75\":null,\"CPUSoftirq\":null,\"ApplicationLatencyP10\":null,\"ApplicationLatencyP99\":null,\"ApplicationRequestsTotal\":null,\"ApplicationLatencyP99.9\":null,\"ApplicationRequests3xx\":null,\"ApplicationRequests2xx\":null,\"CPUIowait\":null,\"CPUNice\":null},\"Environment\":{\"InstancesSevere\":null,\"InstancesDegraded\":null,\"ApplicationRequests5xx\":null,\"ApplicationRequests4xx\":null,\"ApplicationLatencyP50\":null,\"ApplicationLatencyP95\":null,\"ApplicationLatencyP85\":null,\"InstancesUnknown\":null,\"ApplicationLatencyP90\":null,\"InstancesInfo\":null,\"InstancesPending\":null,\"ApplicationLatencyP75\":null,\"ApplicationLatencyP10\":null,\"ApplicationLatencyP99\":null,\"ApplicationRequestsTotal\":null,\"InstancesNoData\":null,\"ApplicationLatencyP99.9\":null,\"ApplicationRequests3xx\":null,\"ApplicationRequests2xx\":null,\"InstancesOk\":null,\"InstancesWarning\":null}}}",
                            "all_settings.1442648321.name": "PSP_IPAYNET_CHECKOUT_URL",
                            "all_settings.1442648321.namespace": "aws:elasticbeanstalk:application:environment",
                            "all_settings.1442648321.resource": "",
                            "all_settings.1442648321.value": "http://payment.psp/",
                            "all_settings.1480839251.name": "REPORTING_PASSWORD",
                            "all_settings.1480839251.namespace": "aws:elasticbeanstalk:application:environment",
                            "all_settings.1480839251.resource": "",
                            "all_settings.1480839251.value": "",
                            "all_settings.1487137936.name": "IgnoreHealthCheck",
                            "all_settings.1487137936.namespace": "aws:elasticbeanstalk:command",
                            "all_settings.1487137936.resource": "",
                            "all_settings.1487137936.value": "false",
                            "all_settings.1499800684.name": "RootVolumeType",
                            "all_settings.1499800684.namespace": "aws:autoscaling:launchconfiguration",
                            "all_settings.1499800684.resource": "",
                            "all_settings.1499800684.value": "gp2",
                            "all_settings.1510200368.name": "PSP_REPORTING_URL",
                            "all_settings.1510200368.namespace": "aws:elasticbeanstalk:application:environment",
                            "all_settings.1510200368.resource": "",
                            "all_settings.1510200368.value": "http://reporting.psp/api/v3/bumin-hamam-07/",
                            "all_settings.1511930519.name": "DB_HOST",
                            "all_settings.1511930519.namespace": "aws:elasticbeanstalk:application:environment",
                            "all_settings.1511930519.resource": "",
                            "all_settings.1511930519.value": "localhost",
                            "all_settings.1539976252.name": "ListenerEnabled",
                            "all_settings.1539976252.namespace": "aws:elb:listener:80",
                            "all_settings.1539976252.resource": "",
                            "all_settings.1539976252.value": "true",
                            "all_settings.1569408773.name": "PAYDOH_ID",
                            "all_settings.1569408773.namespace": "aws:elasticbeanstalk:application:environment",
                            "all_settings.1569408773.resource": "",
                            "all_settings.1569408773.value": "1",
                            "all_settings.1584820072.name": "Custom Availability Zones",
                            "all_settings.1584820072.namespace": "aws:autoscaling:asg",
                            "all_settings.1584820072.resource": "",
                            "all_settings.1584820072.value": "",
                            "all_settings.1598470862.name": "AppSource",
                            "all_settings.1598470862.namespace": "aws:cloudformation:template:parameter",
                            "all_settings.1598470862.resource": "",
                            "all_settings.1598470862.value": "http://s3-eu-west-1.amazonaws.com/elasticbeanstalk-samples-eu-west-1/php-newsample-app.zip",
                            "all_settings.1616285399.name": "REPORTING_USERNAME",
                            "all_settings.1616285399.namespace": "aws:elasticbeanstalk:application:environment",
                            "all_settings.1616285399.resource": "",
                            "all_settings.1616285399.value": "",
                            "all_settings.1709622552.name": "LoadBalancerSSLPortProtocol",
                            "all_settings.1709622552.namespace": "aws:elb:loadbalancer",
                            "all_settings.1709622552.resource": "",
                            "all_settings.1709622552.value": "HTTPS",
                            "all_settings.1835511052.name": "SSLCertificateId",
                            "all_settings.1835511052.namespace": "aws:elb:listener:80",
                            "all_settings.1835511052.resource": "",
                            "all_settings.1835511052.value": "",
                            "all_settings.1839941942.name": "BlockDeviceMappings",
                            "all_settings.1839941942.namespace": "aws:autoscaling:launchconfiguration",
                            "all_settings.1839941942.resource": "",
                            "all_settings.1839941942.value": "",
                            "all_settings.1932615024.name": "UnhealthyThreshold",
                            "all_settings.1932615024.namespace": "aws:elb:healthcheck",
                            "all_settings.1932615024.resource": "",
                            "all_settings.1932615024.value": "5",
                            "all_settings.1949446425.name": "allow_url_fopen",
                            "all_settings.1949446425.namespace": "aws:elasticbeanstalk:container:php:phpini",
                            "all_settings.1949446425.resource": "",
                            "all_settings.1949446425.value": "On",
                            "all_settings.1977157193.name": "Subnets",
                            "all_settings.1977157193.namespace": "aws:ec2:vpc",
                            "all_settings.1977157193.resource": "",
                            "all_settings.1977157193.value": "subnet-e1c4ada8",
                            "all_settings.2023307816.name": "PSP_CHECKOUT_URL",
                            "all_settings.2023307816.namespace": "aws:elasticbeanstalk:application:environment",
                            "all_settings.2023307816.resource": "",
                            "all_settings.2023307816.value": "http://payment.psp/",
                            "all_settings.2033049486.name": "APP_FALLBACK_LOCALE",
                            "all_settings.2033049486.namespace": "aws:elasticbeanstalk:application:environment",
                            "all_settings.2033049486.resource": "",
                            "all_settings.2033049486.value": "en",
                            "all_settings.2042988913.name": "SUMOLOGIC_ACCESS_KEY",
                            "all_settings.2042988913.namespace": "aws:elasticbeanstalk:application:environment",
                            "all_settings.2042988913.resource": "",
                            "all_settings.2042988913.value": "XpraYhrnzAdUwNaX1lm6WovZSpySzaC0Fzktwvl3SDsphPpb9PaAL9tIYaC79DcF",
                            "all_settings.2128368294.name": "max_execution_time",
                            "all_settings.2128368294.namespace": "aws:elasticbeanstalk:container:php:phpini",
                            "all_settings.2128368294.resource": "",
                            "all_settings.2128368294.value": "60",
                            "all_settings.2145095834.name": "InstanceProtocol",
                            "all_settings.2145095834.namespace": "aws:elb:listener:80",
                            "all_settings.2145095834.resource": "",
                            "all_settings.2145095834.value": "HTTP",
                            "all_settings.2147034849.name": "PSP_ADMIN_KEY",
                            "all_settings.2147034849.namespace": "aws:elasticbeanstalk:application:environment",
                            "all_settings.2147034849.resource": "",
                            "all_settings.2147034849.value": "Zuu3mUjUeznXKy",
                            "all_settings.2207438838.name": "MinInstancesInService",
                            "all_settings.2207438838.namespace": "aws:autoscaling:updatepolicy:rollingupdate",
                            "all_settings.2207438838.resource": "",
                            "all_settings.2207438838.value": "1",
                            "all_settings.2210680385.name": "LaunchType",
                            "all_settings.2210680385.namespace": "aws:elasticbeanstalk:control",
                            "all_settings.2210680385.resource": "",
                            "all_settings.2210680385.value": "Migration",
                            "all_settings.2262995125.name": "Availability Zones",
                            "all_settings.2262995125.namespace": "aws:autoscaling:asg",
                            "all_settings.2262995125.resource": "",
                            "all_settings.2262995125.value": "Any 2",
                            "all_settings.2276893638.name": "RollingUpdateType",
                            "all_settings.2276893638.namespace": "aws:autoscaling:updatepolicy:rollingupdate",
                            "all_settings.2276893638.resource": "",
                            "all_settings.2276893638.value": "Health",
                            "all_settings.2293968963.name": "composer_options",
                            "all_settings.2293968963.namespace": "aws:elasticbeanstalk:container:php:phpini",
                            "all_settings.2293968963.resource": "",
                            "all_settings.2293968963.value": "",
                            "all_settings.2338825121.name": "OLD_DB_HOST",
                            "all_settings.2338825121.namespace": "aws:elasticbeanstalk:application:environment",
                            "all_settings.2338825121.resource": "",
                            "all_settings.2338825121.value": "localhost",
                            "all_settings.2395212047.name": "IamInstanceProfile",
                            "all_settings.2395212047.namespace": "aws:autoscaling:launchconfiguration",
                            "all_settings.2395212047.resource": "",
                            "all_settings.2395212047.value": "aws-elasticbeanstalk-ec2-role",
                            "all_settings.2396587397.name": "MinSize",
                            "all_settings.2396587397.namespace": "aws:autoscaling:asg",
                            "all_settings.2396587397.resource": "",
                            "all_settings.2396587397.value": "1",
                            "all_settings.2402433859.name": "Period",
                            "all_settings.2402433859.namespace": "aws:autoscaling:trigger",
                            "all_settings.2402433859.resource": "",
                            "all_settings.2402433859.value": "5",
                            "all_settings.240742627.name": "UpperBreachScaleIncrement",
                            "all_settings.240742627.namespace": "aws:autoscaling:trigger",
                            "all_settings.240742627.resource": "",
                            "all_settings.240742627.value": "1",
                            "all_settings.2420299722.name": "SystemType",
                            "all_settings.2420299722.namespace": "aws:elasticbeanstalk:healthreporting:system",
                            "all_settings.2420299722.resource": "",
                            "all_settings.2420299722.value": "enhanced",
                            "all_settings.2434350444.name": "Notification Endpoint",
                            "all_settings.2434350444.namespace": "aws:elasticbeanstalk:sns:topics",
                            "all_settings.2434350444.resource": "",
                            "all_settings.2434350444.value": "ops@eftsoftware.com",
                            "all_settings.2436131110.name": "display_errors",
                            "all_settings.2436131110.namespace": "aws:elasticbeanstalk:container:php:phpini",
                            "all_settings.2436131110.resource": "",
                            "all_settings.2436131110.value": "Off",
                            "all_settings.2467137266.name": "Notification Topic ARN",
                            "all_settings.2467137266.namespace": "aws:elasticbeanstalk:sns:topics",
                            "all_settings.2467137266.resource": "",
                            "all_settings.2467137266.value": "arn:aws:sns:eu-west-1:065573304528:ElasticBeanstalkNotifications-Environment-psp-api-prod",
                            "all_settings.2492456712.name": "LogPublicationControl",
                            "all_settings.2492456712.namespace": "aws:elasticbeanstalk:hostmanager",
                            "all_settings.2492456712.resource": "",
                            "all_settings.2492456712.value": "false",
                            "all_settings.2521334252.name": "InstanceRefreshEnabled",
                            "all_settings.2521334252.namespace": "aws:elasticbeanstalk:managedactions:platformupdate",
                            "all_settings.2521334252.resource": "",
                            "all_settings.2521334252.value": "false",
                            "all_settings.2532738647.name": "PSP_API_URL",
                            "all_settings.2532738647.namespace": "aws:elasticbeanstalk:application:environment",
                            "all_settings.2532738647.resource": "",
                            "all_settings.2532738647.value": "http://api.psp/api/v3/",
                            "all_settings.2542474489.name": "LoadBalancerType",
                            "all_settings.2542474489.namespace": "aws:elasticbeanstalk:environment",
                            "all_settings.2542474489.resource": "",
                            "all_settings.2542474489.value": "classic",
                            "all_settings.2558821935.name": "PauseTime",
                            "all_settings.2558821935.namespace": "aws:autoscaling:updatepolicy:rollingupdate",
                            "all_settings.2558821935.resource": "",
                            "all_settings.2558821935.value": "",
                            "all_settings.2558992023.name": "ManagedActionsEnabled",
                            "all_settings.2558992023.namespace": "aws:elasticbeanstalk:managedactions",
                            "all_settings.2558992023.resource": "",
                            "all_settings.2558992023.value": "true",
                            "all_settings.2573508410.name": "ENVIRONMENT",
                            "all_settings.2573508410.namespace": "aws:elasticbeanstalk:application:environment",
                            "all_settings.2573508410.resource": "",
                            "all_settings.2573508410.value": "prod",
                            "all_settings.2578083670.name": "InstancePort",
                            "all_settings.2578083670.namespace": "aws:cloudformation:template:parameter",
                            "all_settings.2578083670.resource": "",
                            "all_settings.2578083670.value": "80",
                            "all_settings.268138685.name": "DB_DATABASE",
                            "all_settings.268138685.namespace": "aws:elasticbeanstalk:application:environment",
                            "all_settings.268138685.resource": "",
                            "all_settings.268138685.value": "homestead",
                            "all_settings.2802271818.name": "InstanceType",
                            "all_settings.2802271818.namespace": "aws:autoscaling:launchconfiguration",
                            "all_settings.2802271818.resource": "",
                            "all_settings.2802271818.value": "t2.small",
                            "all_settings.28260639.name": "Application Healthcheck URL",
                            "all_settings.28260639.namespace": "aws:elasticbeanstalk:application",
                            "all_settings.28260639.resource": "",
                            "all_settings.28260639.value": "",
                            "all_settings.2827474164.name": "ConnectionSettingIdleTimeout",
                            "all_settings.2827474164.namespace": "aws:elb:policies",
                            "all_settings.2827474164.resource": "",
                            "all_settings.2827474164.value": "60",
                            "all_settings.285213017.name": "PolicyNames",
                            "all_settings.285213017.namespace": "aws:elb:listener:80",
                            "all_settings.285213017.resource": "",
                            "all_settings.285213017.value": "",
                            "all_settings.2929485696.name": "EnvironmentType",
                            "all_settings.2929485696.namespace": "aws:elasticbeanstalk:environment",
                            "all_settings.2929485696.resource": "",
                            "all_settings.2929485696.value": "LoadBalanced",
                            "all_settings.2983186660.name": "UpdateLevel",
                            "all_settings.2983186660.namespace": "aws:elasticbeanstalk:managedactions:platformupdate",
                            "all_settings.2983186660.resource": "",
                            "all_settings.2983186660.value": "minor",
                            "all_settings.2990627574.name": "EnvironmentVariables",
                            "all_settings.2990627574.namespace": "aws:cloudformation:template:parameter",
                            "all_settings.2990627574.resource": "",
                            "all_settings.2990627574.value": "APP_FALLBACK_LOCALE=en,APP_ENV=local,SUMOLOGIC_SOURCE_CATEGORY=psp-api-prod,ENVIRONMENT=prod,SUMOLOGIC_ACCESS_KEY=XpraYhrnzAdUwNaX1lm6WovZSpySzaC0Fzktwvl3SDsphPpb9PaAL9tIYaC79DcF,REPORTING_PASSWORD=,REPORTING_DATABASE=reporting,APP_KEY=I6V9SNheOsCSsw7DiFVN0tMThnTjpX4n,OLD_DB_DATABASE=old_psp,OLD_DB_PASSWORD=secret,PSP_REPORTING_URL=http://reporting.psp/api/v3/bumin-hamam-07/,OLD_DB_HOST=localhost,OLD_DB_USERNAME=homestead,DB_USERNAME=homestead,JWT_SECRET=9oyf2NiJgvOgvaRi,PSP_API_URL=http://api.psp/api/v3/,PAYDOH_ID=1,APP_DEBUG=false,REPORTING_REPLICASET=,PSP_CHECKOUT_URL=http://payment.psp/,PSP_ADMIN_KEY=Zuu3mUjUeznXKy,APP_LOCALE=en,REPORTING_USERNAME=,EPRO_ID=1,DB_HOST=localhost,APP_KEY_ALT=I6V9SNheOsCSsw7DiFVN0tMThnTjpX4n,PSP_IPAYNET_CHECKOUT_URL=http://payment.psp/,REPORTING_HOST=10.0.2.2:27017,DB_DATABASE=homestead,DB_PASSWORD=secret",
                            "all_settings.3000736565.name": "APP_DEBUG",
                            "all_settings.3000736565.namespace": "aws:elasticbeanstalk:application:environment",
                            "all_settings.3000736565.resource": "",
                            "all_settings.3000736565.value": "false",
                            "all_settings.3007260544.name": "AssociatePublicIpAddress",
                            "all_settings.3007260544.namespace": "aws:ec2:vpc",
                            "all_settings.3007260544.resource": "",
                            "all_settings.3007260544.value": "true",
                            "all_settings.3028455964.name": "zlib.output_compression",
                            "all_settings.3028455964.namespace": "aws:elasticbeanstalk:container:php:phpini",
                            "all_settings.3028455964.resource": "",
                            "all_settings.3028455964.value": "Off",
                            "all_settings.304444642.name": "ConnectionDrainingTimeout",
                            "all_settings.304444642.namespace": "aws:elb:policies",
                            "all_settings.304444642.resource": "",
                            "all_settings.304444642.value": "20",
                            "all_settings.305264966.name": "HooksPkgUrl",
                            "all_settings.305264966.namespace": "aws:cloudformation:template:parameter",
                            "all_settings.305264966.resource": "",
                            "all_settings.305264966.value": "https://s3.dualstack.eu-west-1.amazonaws.com/elasticbeanstalk-env-resources-eu-west-1/stalks/eb_php_4.0.1.84.0/lib/assets.tar.gz",
                            "all_settings.3084150972.name": "ELBSubnets",
                            "all_settings.3084150972.namespace": "aws:ec2:vpc",
                            "all_settings.3084150972.resource": "",
                            "all_settings.3084150972.value": "subnet-e1c4ada8",
                            "all_settings.3109865816.name": "PreferredStartTime",
                            "all_settings.3109865816.namespace": "aws:elasticbeanstalk:managedactions",
                            "all_settings.3109865816.resource": "",
                            "all_settings.3109865816.value": "Sat:04:00",
                            "all_settings.3163218702.name": "Interval",
                            "all_settings.3163218702.namespace": "aws:elb:healthcheck",
                            "all_settings.3163218702.resource": "",
                            "all_settings.3163218702.value": "10",
                            "all_settings.318489441.name": "SUMOLOGIC_SOURCE_CATEGORY",
                            "all_settings.318489441.namespace": "aws:elasticbeanstalk:application:environment",
                            "all_settings.318489441.resource": "",
                            "all_settings.318489441.value": "psp-api-prod",
                            "all_settings.3225151102.name": "MaxSize",
                            "all_settings.3225151102.namespace": "aws:autoscaling:asg",
                            "all_settings.3225151102.resource": "",
                            "all_settings.3225151102.value": "2",
                            "all_settings.323650789.name": "REPORTING_DATABASE",
                            "all_settings.323650789.namespace": "aws:elasticbeanstalk:application:environment",
                            "all_settings.323650789.resource": "",
                            "all_settings.323650789.value": "reporting",
                            "all_settings.3243179558.name": "ExternalExtensionsS3Key",
                            "all_settings.3243179558.namespace": "aws:elasticbeanstalk:environment",
                            "all_settings.3243179558.resource": "",
                            "all_settings.3243179558.value": "",
                            "all_settings.3246832476.name": "OLD_DB_DATABASE",
                            "all_settings.3246832476.namespace": "aws:elasticbeanstalk:application:environment",
                            "all_settings.3246832476.resource": "",
                            "all_settings.3246832476.value": "old_psp",
                            "all_settings.3263411188.name": "RootVolumeIOPS",
                            "all_settings.3263411188.namespace": "aws:autoscaling:launchconfiguration",
                            "all_settings.3263411188.resource": "",
                            "all_settings.3263411188.value": "",
                            "all_settings.3300799582.name": "RetentionInDays",
                            "all_settings.3300799582.namespace": "aws:elasticbeanstalk:cloudwatch:logs",
                            "all_settings.3300799582.resource": "",
                            "all_settings.3300799582.value": "90",
                            "all_settings.3305636593.name": "UpperThreshold",
                            "all_settings.3305636593.namespace": "aws:autoscaling:trigger",
                            "all_settings.3305636593.resource": "",
                            "all_settings.3305636593.value": "6000000",
                            "all_settings.331847348.name": "DB_PASSWORD",
                            "all_settings.331847348.namespace": "aws:elasticbeanstalk:application:environment",
                            "all_settings.331847348.resource": "",
                            "all_settings.331847348.value": "secret",
                            "all_settings.3346705503.name": "EPRO_ID",
                            "all_settings.3346705503.namespace": "aws:elasticbeanstalk:application:environment",
                            "all_settings.3346705503.resource": "",
                            "all_settings.3346705503.value": "1",
                            "all_settings.3354438189.name": "Timeout",
                            "all_settings.3354438189.namespace": "aws:autoscaling:updatepolicy:rollingupdate",
                            "all_settings.3354438189.resource": "",
                            "all_settings.3354438189.value": "PT30M",
                            "all_settings.337954545.name": "VPCId",
                            "all_settings.337954545.namespace": "aws:ec2:vpc",
                            "all_settings.337954545.resource": "",
                            "all_settings.337954545.value": "vpc-f7b3db90",
                            "all_settings.3396910454.name": "HealthCheckSuccessThreshold",
                            "all_settings.3396910454.namespace": "aws:elasticbeanstalk:healthreporting:system",
                            "all_settings.3396910454.resource": "",
                            "all_settings.3396910454.value": "Ok",
                            "all_settings.3402994671.name": "Statistic",
                            "all_settings.3402994671.namespace": "aws:autoscaling:trigger",
                            "all_settings.3402994671.resource": "",
                            "all_settings.3402994671.value": "Average",
                            "all_settings.3438018982.name": "MonitoringInterval",
                            "all_settings.3438018982.namespace": "aws:autoscaling:launchconfiguration",
                            "all_settings.3438018982.resource": "",
                            "all_settings.3438018982.value": "5 minute",
                            "all_settings.3478105888.name": "StreamLogs",
                            "all_settings.3478105888.namespace": "aws:elasticbeanstalk:cloudwatch:logs",
                            "all_settings.3478105888.resource": "",
                            "all_settings.3478105888.value": "true",
                            "all_settings.3496875314.name": "LowerThreshold",
                            "all_settings.3496875314.namespace": "aws:autoscaling:trigger",
                            "all_settings.3496875314.resource": "",
                            "all_settings.3496875314.value": "2000000",
                            "all_settings.3502087315.name": "CrossZone",
                            "all_settings.3502087315.namespace": "aws:elb:loadbalancer",
                            "all_settings.3502087315.resource": "",
                            "all_settings.3502087315.value": "false",
                            "all_settings.3545041252.name": "Unit",
                            "all_settings.3545041252.namespace": "aws:autoscaling:trigger",
                            "all_settings.3545041252.resource": "",
                            "all_settings.3545041252.value": "Bytes",
                            "all_settings.3560791348.name": "APP_LOCALE",
                            "all_settings.3560791348.namespace": "aws:elasticbeanstalk:application:environment",
                            "all_settings.3560791348.resource": "",
                            "all_settings.3560791348.value": "en",
                            "all_settings.3584475532.name": "Notification Topic Name",
                            "all_settings.3584475532.namespace": "aws:elasticbeanstalk:sns:topics",
                            "all_settings.3584475532.resource": "",
                            "all_settings.3584475532.value": "",
                            "all_settings.3612309826.name": "document_root",
                            "all_settings.3612309826.namespace": "aws:elasticbeanstalk:container:php:phpini",
                            "all_settings.3612309826.resource": "",
                            "all_settings.3612309826.value": "",
                            "all_settings.3615826456.name": "ExternalExtensionsS3Bucket",
                            "all_settings.3615826456.namespace": "aws:elasticbeanstalk:environment",
                            "all_settings.3615826456.resource": "",
                            "all_settings.3615826456.value": "",
                            "all_settings.3648591417.name": "Cooldown",
                            "all_settings.3648591417.namespace": "aws:autoscaling:asg",
                            "all_settings.3648591417.resource": "",
                            "all_settings.3648591417.value": "360",
                            "all_settings.3665611509.name": "SecurityGroups",
                            "all_settings.3665611509.namespace": "aws:autoscaling:launchconfiguration",
                            "all_settings.3665611509.resource": "",
                            "all_settings.3665611509.value": "",
                            "all_settings.3702291124.name": "OLD_DB_PASSWORD",
                            "all_settings.3702291124.namespace": "aws:elasticbeanstalk:application:environment",
                            "all_settings.3702291124.resource": "",
                            "all_settings.3702291124.value": "secret",
                            "all_settings.37040285.name": "ServiceRole",
                            "all_settings.37040285.namespace": "aws:elasticbeanstalk:environment",
                            "all_settings.37040285.resource": "",
                            "all_settings.37040285.value": "aws-elasticbeanstalk-service-role",
                            "all_settings.3705073300.name": "Notification Protocol",
                            "all_settings.3705073300.namespace": "aws:elasticbeanstalk:sns:topics",
                            "all_settings.3705073300.resource": "",
                            "all_settings.3705073300.value": "email",
                            "all_settings.3708017666.name": "LowerBreachScaleIncrement",
                            "all_settings.3708017666.namespace": "aws:autoscaling:trigger",
                            "all_settings.3708017666.resource": "",
                            "all_settings.3708017666.value": "-1",
                            "all_settings.3756748296.name": "DB_USERNAME",
                            "all_settings.3756748296.namespace": "aws:elasticbeanstalk:application:environment",
                            "all_settings.3756748296.resource": "",
                            "all_settings.3756748296.value": "homestead",
                            "all_settings.3819171574.name": "RootVolumeSize",
                            "all_settings.3819171574.namespace": "aws:autoscaling:launchconfiguration",
                            "all_settings.3819171574.resource": "",
                            "all_settings.3819171574.value": "100",
                            "all_settings.3881234966.name": "JWT_SECRET",
                            "all_settings.3881234966.namespace": "aws:elasticbeanstalk:application:environment",
                            "all_settings.3881234966.resource": "",
                            "all_settings.3881234966.value": "9oyf2NiJgvOgvaRi",
                            "all_settings.3929976136.name": "BatchSize",
                            "all_settings.3929976136.namespace": "aws:elasticbeanstalk:command",
                            "all_settings.3929976136.resource": "",
                            "all_settings.3929976136.value": "100",
                            "all_settings.3961867433.name": "SSLCertificateId",
                            "all_settings.3961867433.namespace": "aws:elb:loadbalancer",
                            "all_settings.3961867433.resource": "",
                            "all_settings.3961867433.value": "",
                            "all_settings.3981805791.name": "Automatically Terminate Unhealthy Instances",
                            "all_settings.3981805791.namespace": "aws:elasticbeanstalk:monitoring",
                            "all_settings.3981805791.resource": "",
                            "all_settings.3981805791.value": "true",
                            "all_settings.3992836147.name": "REPORTING_REPLICASET",
                            "all_settings.3992836147.namespace": "aws:elasticbeanstalk:application:environment",
                            "all_settings.3992836147.resource": "",
                            "all_settings.3992836147.value": "",
                            "all_settings.4020527343.name": "InstancePort",
                            "all_settings.4020527343.namespace": "aws:elb:listener:80",
                            "all_settings.4020527343.resource": "",
                            "all_settings.4020527343.value": "80",
                            "all_settings.4049442346.name": "MeasureName",
                            "all_settings.4049442346.namespace": "aws:autoscaling:trigger",
                            "all_settings.4049442346.resource": "",
                            "all_settings.4049442346.value": "NetworkOut",
                            "all_settings.4100247781.name": "BreachDuration",
                            "all_settings.4100247781.namespace": "aws:autoscaling:trigger",
                            "all_settings.4100247781.resource": "",
                            "all_settings.4100247781.value": "5",
                            "all_settings.4107770397.name": "Target",
                            "all_settings.4107770397.namespace": "aws:elb:healthcheck",
                            "all_settings.4107770397.resource": "",
                            "all_settings.4107770397.value": "TCP:80",
                            "all_settings.4148194039.name": "OLD_DB_USERNAME",
                            "all_settings.4148194039.namespace": "aws:elasticbeanstalk:application:environment",
                            "all_settings.4148194039.resource": "",
                            "all_settings.4148194039.value": "homestead",
                            "all_settings.4158491586.name": "DeleteOnTerminate",
                            "all_settings.4158491586.namespace": "aws:elasticbeanstalk:cloudwatch:logs",
                            "all_settings.4158491586.resource": "",
                            "all_settings.4158491586.value": "true",
                            "all_settings.4167503353.name": "LaunchTimeout",
                            "all_settings.4167503353.namespace": "aws:elasticbeanstalk:control",
                            "all_settings.4167503353.resource": "",
                            "all_settings.4167503353.value": "0",
                            "all_settings.4201439372.name": "APP_KEY_ALT",
                            "all_settings.4201439372.namespace": "aws:elasticbeanstalk:application:environment",
                            "all_settings.4201439372.resource": "",
                            "all_settings.4201439372.value": "I6V9SNheOsCSsw7DiFVN0tMThnTjpX4n",
                            "all_settings.4232919657.name": "SecurityGroups",
                            "all_settings.4232919657.namespace": "aws:elb:loadbalancer",
                            "all_settings.4232919657.resource": "",
                            "all_settings.4232919657.value": "",
                            "all_settings.4267362780.name": "Timeout",
                            "all_settings.4267362780.namespace": "aws:elb:healthcheck",
                            "all_settings.4267362780.resource": "",
                            "all_settings.4267362780.value": "5",
                            "all_settings.433110370.name": "DefaultSSHPort",
                            "all_settings.433110370.namespace": "aws:elasticbeanstalk:control",
                            "all_settings.433110370.resource": "",
                            "all_settings.433110370.value": "22",
                            "all_settings.493815232.name": "MaxBatchSize",
                            "all_settings.493815232.namespace": "aws:autoscaling:updatepolicy:rollingupdate",
                            "all_settings.493815232.resource": "",
                            "all_settings.493815232.value": "1",
                            "all_settings.502734328.name": "SSHSourceRestriction",
                            "all_settings.502734328.namespace": "aws:autoscaling:launchconfiguration",
                            "all_settings.502734328.resource": "",
                            "all_settings.502734328.value": "tcp,22,22,0.0.0.0/0",
                            "all_settings.524047086.name": "APP_ENV",
                            "all_settings.524047086.namespace": "aws:elasticbeanstalk:application:environment",
                            "all_settings.524047086.resource": "",
                            "all_settings.524047086.value": "local",
                            "all_settings.59521051.name": "HealthyThreshold",
                            "all_settings.59521051.namespace": "aws:elb:healthcheck",
                            "all_settings.59521051.resource": "",
                            "all_settings.59521051.value": "3",
                            "all_settings.601394433.name": "ELBScheme",
                            "all_settings.601394433.namespace": "aws:ec2:vpc",
                            "all_settings.601394433.resource": "",
                            "all_settings.601394433.value": "external",
                            "all_settings.602761701.name": "EC2KeyName",
                            "all_settings.602761701.namespace": "aws:autoscaling:launchconfiguration",
                            "all_settings.602761701.resource": "",
                            "all_settings.602761701.value": "beanstalk",
                            "all_settings.731293825.name": "LoadBalancerHTTPSPort",
                            "all_settings.731293825.namespace": "aws:elb:loadbalancer",
                            "all_settings.731293825.resource": "",
                            "all_settings.731293825.value": "OFF",
                            "all_settings.747815089.name": "BatchSizeType",
                            "all_settings.747815089.namespace": "aws:elasticbeanstalk:command",
                            "all_settings.747815089.resource": "",
                            "all_settings.747815089.value": "Percentage",
                            "all_settings.784312882.name": "LoadBalancerHTTPPort",
                            "all_settings.784312882.namespace": "aws:elb:loadbalancer",
                            "all_settings.784312882.resource": "",
                            "all_settings.784312882.value": "80",
                            "all_settings.881749867.name": "Timeout",
                            "all_settings.881749867.namespace": "aws:elasticbeanstalk:command",
                            "all_settings.881749867.resource": "",
                            "all_settings.881749867.value": "600",
                            "all_settings.900658457.name": "APP_KEY",
                            "all_settings.900658457.namespace": "aws:elasticbeanstalk:application:environment",
                            "all_settings.900658457.resource": "",
                            "all_settings.900658457.value": "I6V9SNheOsCSsw7DiFVN0tMThnTjpX4n",
                            "all_settings.931388417.name": "ImageId",
                            "all_settings.931388417.namespace": "aws:autoscaling:launchconfiguration",
                            "all_settings.931388417.resource": "",
                            "all_settings.931388417.value": "ami-aab348d3",
                            "all_settings.940069638.name": "RollbackLaunchOnFailure",
                            "all_settings.940069638.namespace": "aws:elasticbeanstalk:control",
                            "all_settings.940069638.resource": "",
                            "all_settings.940069638.value": "false",
                            "application": "psp-api",
                            "autoscaling_groups.#": "1",
                            "autoscaling_groups.0": "awseb-e-hu2v8crvki-stack-AWSEBAutoScalingGroup-1KITGHEDWXLMP",
                            "cname": "psp-api-prod.panhzbb5yr.eu-west-1.elasticbeanstalk.com",
                            "cname_prefix": "",
                            "description": "",
                            "id": "e-hu2v8crvki",
                            "instances.#": "1",
                            "instances.0": "i-0efc863cf11374001",
                            "launch_configurations.#": "1",
                            "launch_configurations.0": "awseb-e-hu2v8crvki-stack-AWSEBAutoScalingLaunchConfiguration-1QLFLYG1ZZDME",
                            "load_balancers.#": "1",
                            "load_balancers.0": "awseb-e-h-AWSEBLoa-1FLPS4F2VVQP8",
                            "name": "psp-api-prod",
                            "queues.#": "0",
                            "setting.#": "55",
                            "setting.1141806546.name": "REPORTING_HOST",
                            "setting.1141806546.namespace": "aws:elasticbeanstalk:application:environment",
                            "setting.1141806546.resource": "",
                            "setting.1141806546.value": "10.0.2.2:27017",
                            "setting.1311926541.name": "RollingUpdateEnabled",
                            "setting.1311926541.namespace": "aws:autoscaling:updatepolicy:rollingupdate",
                            "setting.1311926541.resource": "",
                            "setting.1311926541.value": "true",
                            "setting.1442648321.name": "PSP_IPAYNET_CHECKOUT_URL",
                            "setting.1442648321.namespace": "aws:elasticbeanstalk:application:environment",
                            "setting.1442648321.resource": "",
                            "setting.1442648321.value": "http://payment.psp/",
                            "setting.1480839251.name": "REPORTING_PASSWORD",
                            "setting.1480839251.namespace": "aws:elasticbeanstalk:application:environment",
                            "setting.1480839251.resource": "",
                            "setting.1480839251.value": "",
                            "setting.1499800684.name": "RootVolumeType",
                            "setting.1499800684.namespace": "aws:autoscaling:launchconfiguration",
                            "setting.1499800684.resource": "",
                            "setting.1499800684.value": "gp2",
                            "setting.1510200368.name": "PSP_REPORTING_URL",
                            "setting.1510200368.namespace": "aws:elasticbeanstalk:application:environment",
                            "setting.1510200368.resource": "",
                            "setting.1510200368.value": "http://reporting.psp/api/v3/bumin-hamam-07/",
                            "setting.1511930519.name": "DB_HOST",
                            "setting.1511930519.namespace": "aws:elasticbeanstalk:application:environment",
                            "setting.1511930519.resource": "",
                            "setting.1511930519.value": "localhost",
                            "setting.1569408773.name": "PAYDOH_ID",
                            "setting.1569408773.namespace": "aws:elasticbeanstalk:application:environment",
                            "setting.1569408773.resource": "",
                            "setting.1569408773.value": "1",
                            "setting.1616285399.name": "REPORTING_USERNAME",
                            "setting.1616285399.namespace": "aws:elasticbeanstalk:application:environment",
                            "setting.1616285399.resource": "",
                            "setting.1616285399.value": "",
                            "setting.1977157193.name": "Subnets",
                            "setting.1977157193.namespace": "aws:ec2:vpc",
                            "setting.1977157193.resource": "",
                            "setting.1977157193.value": "subnet-e1c4ada8",
                            "setting.2023307816.name": "PSP_CHECKOUT_URL",
                            "setting.2023307816.namespace": "aws:elasticbeanstalk:application:environment",
                            "setting.2023307816.resource": "",
                            "setting.2023307816.value": "http://payment.psp/",
                            "setting.2033049486.name": "APP_FALLBACK_LOCALE",
                            "setting.2033049486.namespace": "aws:elasticbeanstalk:application:environment",
                            "setting.2033049486.resource": "",
                            "setting.2033049486.value": "en",
                            "setting.2042988913.name": "SUMOLOGIC_ACCESS_KEY",
                            "setting.2042988913.namespace": "aws:elasticbeanstalk:application:environment",
                            "setting.2042988913.resource": "",
                            "setting.2042988913.value": "XpraYhrnzAdUwNaX1lm6WovZSpySzaC0Fzktwvl3SDsphPpb9PaAL9tIYaC79DcF",
                            "setting.2147034849.name": "PSP_ADMIN_KEY",
                            "setting.2147034849.namespace": "aws:elasticbeanstalk:application:environment",
                            "setting.2147034849.resource": "",
                            "setting.2147034849.value": "Zuu3mUjUeznXKy",
                            "setting.2262995125.name": "Availability Zones",
                            "setting.2262995125.namespace": "aws:autoscaling:asg",
                            "setting.2262995125.resource": "",
                            "setting.2262995125.value": "Any 2",
                            "setting.2276893638.name": "RollingUpdateType",
                            "setting.2276893638.namespace": "aws:autoscaling:updatepolicy:rollingupdate",
                            "setting.2276893638.resource": "",
                            "setting.2276893638.value": "Health",
                            "setting.2338825121.name": "OLD_DB_HOST",
                            "setting.2338825121.namespace": "aws:elasticbeanstalk:application:environment",
                            "setting.2338825121.resource": "",
                            "setting.2338825121.value": "localhost",
                            "setting.2395212047.name": "IamInstanceProfile",
                            "setting.2395212047.namespace": "aws:autoscaling:launchconfiguration",
                            "setting.2395212047.resource": "",
                            "setting.2395212047.value": "aws-elasticbeanstalk-ec2-role",
                            "setting.2396587397.name": "MinSize",
                            "setting.2396587397.namespace": "aws:autoscaling:asg",
                            "setting.2396587397.resource": "",
                            "setting.2396587397.value": "1",
                            "setting.2420299722.name": "SystemType",
                            "setting.2420299722.namespace": "aws:elasticbeanstalk:healthreporting:system",
                            "setting.2420299722.resource": "",
                            "setting.2420299722.value": "enhanced",
                            "setting.2434350444.name": "Notification Endpoint",
                            "setting.2434350444.namespace": "aws:elasticbeanstalk:sns:topics",
                            "setting.2434350444.resource": "",
                            "setting.2434350444.value": "ops@eftsoftware.com",
                            "setting.2532738647.name": "PSP_API_URL",
                            "setting.2532738647.namespace": "aws:elasticbeanstalk:application:environment",
                            "setting.2532738647.resource": "",
                            "setting.2532738647.value": "http://api.psp/api/v3/",
                            "setting.2558992023.name": "ManagedActionsEnabled",
                            "setting.2558992023.namespace": "aws:elasticbeanstalk:managedactions",
                            "setting.2558992023.resource": "",
                            "setting.2558992023.value": "true",
                            "setting.2573508410.name": "ENVIRONMENT",
                            "setting.2573508410.namespace": "aws:elasticbeanstalk:application:environment",
                            "setting.2573508410.resource": "",
                            "setting.2573508410.value": "prod",
                            "setting.268138685.name": "DB_DATABASE",
                            "setting.268138685.namespace": "aws:elasticbeanstalk:application:environment",
                            "setting.268138685.resource": "",
                            "setting.268138685.value": "homestead",
                            "setting.2802271818.name": "InstanceType",
                            "setting.2802271818.namespace": "aws:autoscaling:launchconfiguration",
                            "setting.2802271818.resource": "",
                            "setting.2802271818.value": "t2.small",
                            "setting.2983186660.name": "UpdateLevel",
                            "setting.2983186660.namespace": "aws:elasticbeanstalk:managedactions:platformupdate",
                            "setting.2983186660.resource": "",
                            "setting.2983186660.value": "minor",
                            "setting.3000736565.name": "APP_DEBUG",
                            "setting.3000736565.namespace": "aws:elasticbeanstalk:application:environment",
                            "setting.3000736565.resource": "",
                            "setting.3000736565.value": "false",
                            "setting.3007260544.name": "AssociatePublicIpAddress",
                            "setting.3007260544.namespace": "aws:ec2:vpc",
                            "setting.3007260544.resource": "",
                            "setting.3007260544.value": "true",
                            "setting.3084150972.name": "ELBSubnets",
                            "setting.3084150972.namespace": "aws:ec2:vpc",
                            "setting.3084150972.resource": "",
                            "setting.3084150972.value": "subnet-e1c4ada8",
                            "setting.3109865816.name": "PreferredStartTime",
                            "setting.3109865816.namespace": "aws:elasticbeanstalk:managedactions",
                            "setting.3109865816.resource": "",
                            "setting.3109865816.value": "Sat:04:00",
                            "setting.318489441.name": "SUMOLOGIC_SOURCE_CATEGORY",
                            "setting.318489441.namespace": "aws:elasticbeanstalk:application:environment",
                            "setting.318489441.resource": "",
                            "setting.318489441.value": "psp-api-prod",
                            "setting.3225151102.name": "MaxSize",
                            "setting.3225151102.namespace": "aws:autoscaling:asg",
                            "setting.3225151102.resource": "",
                            "setting.3225151102.value": "2",
                            "setting.323650789.name": "REPORTING_DATABASE",
                            "setting.323650789.namespace": "aws:elasticbeanstalk:application:environment",
                            "setting.323650789.resource": "",
                            "setting.323650789.value": "reporting",
                            "setting.3246832476.name": "OLD_DB_DATABASE",
                            "setting.3246832476.namespace": "aws:elasticbeanstalk:application:environment",
                            "setting.3246832476.resource": "",
                            "setting.3246832476.value": "old_psp",
                            "setting.3300799582.name": "RetentionInDays",
                            "setting.3300799582.namespace": "aws:elasticbeanstalk:cloudwatch:logs",
                            "setting.3300799582.resource": "",
                            "setting.3300799582.value": "90",
                            "setting.331847348.name": "DB_PASSWORD",
                            "setting.331847348.namespace": "aws:elasticbeanstalk:application:environment",
                            "setting.331847348.resource": "",
                            "setting.331847348.value": "secret",
                            "setting.3346705503.name": "EPRO_ID",
                            "setting.3346705503.namespace": "aws:elasticbeanstalk:application:environment",
                            "setting.3346705503.resource": "",
                            "setting.3346705503.value": "1",
                            "setting.337954545.name": "VPCId",
                            "setting.337954545.namespace": "aws:ec2:vpc",
                            "setting.337954545.resource": "",
                            "setting.337954545.value": "vpc-f7b3db90",
                            "setting.3478105888.name": "StreamLogs",
                            "setting.3478105888.namespace": "aws:elasticbeanstalk:cloudwatch:logs",
                            "setting.3478105888.resource": "",
                            "setting.3478105888.value": "true",
                            "setting.3560791348.name": "APP_LOCALE",
                            "setting.3560791348.namespace": "aws:elasticbeanstalk:application:environment",
                            "setting.3560791348.resource": "",
                            "setting.3560791348.value": "en",
                            "setting.3702291124.name": "OLD_DB_PASSWORD",
                            "setting.3702291124.namespace": "aws:elasticbeanstalk:application:environment",
                            "setting.3702291124.resource": "",
                            "setting.3702291124.value": "secret",
                            "setting.37040285.name": "ServiceRole",
                            "setting.37040285.namespace": "aws:elasticbeanstalk:environment",
                            "setting.37040285.resource": "",
                            "setting.37040285.value": "aws-elasticbeanstalk-service-role",
                            "setting.3705073300.name": "Notification Protocol",
                            "setting.3705073300.namespace": "aws:elasticbeanstalk:sns:topics",
                            "setting.3705073300.resource": "",
                            "setting.3705073300.value": "email",
                            "setting.3756748296.name": "DB_USERNAME",
                            "setting.3756748296.namespace": "aws:elasticbeanstalk:application:environment",
                            "setting.3756748296.resource": "",
                            "setting.3756748296.value": "homestead",
                            "setting.3819171574.name": "RootVolumeSize",
                            "setting.3819171574.namespace": "aws:autoscaling:launchconfiguration",
                            "setting.3819171574.resource": "",
                            "setting.3819171574.value": "100",
                            "setting.3881234966.name": "JWT_SECRET",
                            "setting.3881234966.namespace": "aws:elasticbeanstalk:application:environment",
                            "setting.3881234966.resource": "",
                            "setting.3881234966.value": "9oyf2NiJgvOgvaRi",
                            "setting.3992836147.name": "REPORTING_REPLICASET",
                            "setting.3992836147.namespace": "aws:elasticbeanstalk:application:environment",
                            "setting.3992836147.resource": "",
                            "setting.3992836147.value": "",
                            "setting.4148194039.name": "OLD_DB_USERNAME",
                            "setting.4148194039.namespace": "aws:elasticbeanstalk:application:environment",
                            "setting.4148194039.resource": "",
                            "setting.4148194039.value": "homestead",
                            "setting.4158491586.name": "DeleteOnTerminate",
                            "setting.4158491586.namespace": "aws:elasticbeanstalk:cloudwatch:logs",
                            "setting.4158491586.resource": "",
                            "setting.4158491586.value": "true",
                            "setting.4201439372.name": "APP_KEY_ALT",
                            "setting.4201439372.namespace": "aws:elasticbeanstalk:application:environment",
                            "setting.4201439372.resource": "",
                            "setting.4201439372.value": "I6V9SNheOsCSsw7DiFVN0tMThnTjpX4n",
                            "setting.524047086.name": "APP_ENV",
                            "setting.524047086.namespace": "aws:elasticbeanstalk:application:environment",
                            "setting.524047086.resource": "",
                            "setting.524047086.value": "local",
                            "setting.601394433.name": "ELBScheme",
                            "setting.601394433.namespace": "aws:ec2:vpc",
                            "setting.601394433.resource": "",
                            "setting.601394433.value": "external",
                            "setting.602761701.name": "EC2KeyName",
                            "setting.602761701.namespace": "aws:autoscaling:launchconfiguration",
                            "setting.602761701.resource": "",
                            "setting.602761701.value": "beanstalk",
                            "setting.900658457.name": "APP_KEY",
                            "setting.900658457.namespace": "aws:elasticbeanstalk:application:environment",
                            "setting.900658457.resource": "",
                            "setting.900658457.value": "I6V9SNheOsCSsw7DiFVN0tMThnTjpX4n",
                            "solution_stack_name": "64bit Amazon Linux 2017.03 v2.4.4 running PHP 7.0",
                            "tags.%": "2",
                            "tags.Environment": "PROD",
                            "tags.Team": "psp-api",
                            "tier": "WebServer",
                            "triggers.#": "0",
                            "version_label": "",
                            "wait_for_ready_timeout": "20m"
                        },
                        "meta": {
                            "schema_version": "1"
                        },
                        "tainted": true
                    },
                    "deposed": [],
                    "provider": ""
                },
                "aws_elastic_beanstalk_environment.psp-api-test": {
                    "type": "aws_elastic_beanstalk_environment",
                    "depends_on": [],
                    "primary": {
                        "id": "e-xkezrjsp4x",
                        "attributes": {
                            "all_settings.#": "130",
                            "all_settings.1036703857.name": "EvaluationPeriods",
                            "all_settings.1036703857.namespace": "aws:autoscaling:trigger",
                            "all_settings.1036703857.resource": "",
                            "all_settings.1036703857.value": "1",
                            "all_settings.1093784765.name": "ListenerProtocol",
                            "all_settings.1093784765.namespace": "aws:elb:listener:80",
                            "all_settings.1093784765.resource": "",
                            "all_settings.1093784765.value": "HTTP",
                            "all_settings.1105127146.name": "LoadBalancerPortProtocol",
                            "all_settings.1105127146.namespace": "aws:elb:loadbalancer",
                            "all_settings.1105127146.resource": "",
                            "all_settings.1105127146.value": "HTTP",
                            "all_settings.1139450884.name": "memory_limit",
                            "all_settings.1139450884.namespace": "aws:elasticbeanstalk:container:php:phpini",
                            "all_settings.1139450884.resource": "",
                            "all_settings.1139450884.value": "256M",
                            "all_settings.1141806546.name": "REPORTING_HOST",
                            "all_settings.1141806546.namespace": "aws:elasticbeanstalk:application:environment",
                            "all_settings.1141806546.resource": "",
                            "all_settings.1141806546.value": "10.0.2.2:27017",
                            "all_settings.1148368735.name": "ConnectionDrainingEnabled",
                            "all_settings.1148368735.namespace": "aws:elb:policies",
                            "all_settings.1148368735.resource": "",
                            "all_settings.1148368735.value": "false",
                            "all_settings.1311926541.name": "RollingUpdateEnabled",
                            "all_settings.1311926541.namespace": "aws:autoscaling:updatepolicy:rollingupdate",
                            "all_settings.1311926541.resource": "",
                            "all_settings.1311926541.value": "true",
                            "all_settings.1413020927.name": "ConfigDocument",
                            "all_settings.1413020927.namespace": "aws:elasticbeanstalk:healthreporting:system",
                            "all_settings.1413020927.resource": "",
                            "all_settings.1413020927.value": "{\"Version\":1,\"CloudWatchMetrics\":{\"Instance\":{\"CPUIrq\":null,\"LoadAverage5min\":null,\"ApplicationRequests5xx\":null,\"ApplicationRequests4xx\":null,\"CPUUser\":null,\"LoadAverage1min\":null,\"ApplicationLatencyP50\":null,\"CPUIdle\":null,\"InstanceHealth\":null,\"ApplicationLatencyP95\":null,\"ApplicationLatencyP85\":null,\"RootFilesystemUtil\":null,\"ApplicationLatencyP90\":null,\"CPUSystem\":null,\"ApplicationLatencyP75\":null,\"CPUSoftirq\":null,\"ApplicationLatencyP10\":null,\"ApplicationLatencyP99\":null,\"ApplicationRequestsTotal\":null,\"ApplicationLatencyP99.9\":null,\"ApplicationRequests3xx\":null,\"ApplicationRequests2xx\":null,\"CPUIowait\":null,\"CPUNice\":null},\"Environment\":{\"InstancesSevere\":null,\"InstancesDegraded\":null,\"ApplicationRequests5xx\":null,\"ApplicationRequests4xx\":null,\"ApplicationLatencyP50\":null,\"ApplicationLatencyP95\":null,\"ApplicationLatencyP85\":null,\"InstancesUnknown\":null,\"ApplicationLatencyP90\":null,\"InstancesInfo\":null,\"InstancesPending\":null,\"ApplicationLatencyP75\":null,\"ApplicationLatencyP10\":null,\"ApplicationLatencyP99\":null,\"ApplicationRequestsTotal\":null,\"InstancesNoData\":null,\"ApplicationLatencyP99.9\":null,\"ApplicationRequests3xx\":null,\"ApplicationRequests2xx\":null,\"InstancesOk\":null,\"InstancesWarning\":null}}}",
                            "all_settings.1442648321.name": "PSP_IPAYNET_CHECKOUT_URL",
                            "all_settings.1442648321.namespace": "aws:elasticbeanstalk:application:environment",
                            "all_settings.1442648321.resource": "",
                            "all_settings.1442648321.value": "http://payment.psp/",
                            "all_settings.1480839251.name": "REPORTING_PASSWORD",
                            "all_settings.1480839251.namespace": "aws:elasticbeanstalk:application:environment",
                            "all_settings.1480839251.resource": "",
                            "all_settings.1480839251.value": "",
                            "all_settings.1487137936.name": "IgnoreHealthCheck",
                            "all_settings.1487137936.namespace": "aws:elasticbeanstalk:command",
                            "all_settings.1487137936.resource": "",
                            "all_settings.1487137936.value": "false",
                            "all_settings.1499800684.name": "RootVolumeType",
                            "all_settings.1499800684.namespace": "aws:autoscaling:launchconfiguration",
                            "all_settings.1499800684.resource": "",
                            "all_settings.1499800684.value": "gp2",
                            "all_settings.1510200368.name": "PSP_REPORTING_URL",
                            "all_settings.1510200368.namespace": "aws:elasticbeanstalk:application:environment",
                            "all_settings.1510200368.resource": "",
                            "all_settings.1510200368.value": "http://reporting.psp/api/v3/bumin-hamam-07/",
                            "all_settings.1511930519.name": "DB_HOST",
                            "all_settings.1511930519.namespace": "aws:elasticbeanstalk:application:environment",
                            "all_settings.1511930519.resource": "",
                            "all_settings.1511930519.value": "localhost",
                            "all_settings.1539976252.name": "ListenerEnabled",
                            "all_settings.1539976252.namespace": "aws:elb:listener:80",
                            "all_settings.1539976252.resource": "",
                            "all_settings.1539976252.value": "true",
                            "all_settings.1569408773.name": "PAYDOH_ID",
                            "all_settings.1569408773.namespace": "aws:elasticbeanstalk:application:environment",
                            "all_settings.1569408773.resource": "",
                            "all_settings.1569408773.value": "1",
                            "all_settings.1584820072.name": "Custom Availability Zones",
                            "all_settings.1584820072.namespace": "aws:autoscaling:asg",
                            "all_settings.1584820072.resource": "",
                            "all_settings.1584820072.value": "",
                            "all_settings.1598470862.name": "AppSource",
                            "all_settings.1598470862.namespace": "aws:cloudformation:template:parameter",
                            "all_settings.1598470862.resource": "",
                            "all_settings.1598470862.value": "http://s3-eu-west-1.amazonaws.com/elasticbeanstalk-samples-eu-west-1/php-newsample-app.zip",
                            "all_settings.1616285399.name": "REPORTING_USERNAME",
                            "all_settings.1616285399.namespace": "aws:elasticbeanstalk:application:environment",
                            "all_settings.1616285399.resource": "",
                            "all_settings.1616285399.value": "",
                            "all_settings.1709622552.name": "LoadBalancerSSLPortProtocol",
                            "all_settings.1709622552.namespace": "aws:elb:loadbalancer",
                            "all_settings.1709622552.resource": "",
                            "all_settings.1709622552.value": "HTTPS",
                            "all_settings.1835511052.name": "SSLCertificateId",
                            "all_settings.1835511052.namespace": "aws:elb:listener:80",
                            "all_settings.1835511052.resource": "",
                            "all_settings.1835511052.value": "",
                            "all_settings.1839941942.name": "BlockDeviceMappings",
                            "all_settings.1839941942.namespace": "aws:autoscaling:launchconfiguration",
                            "all_settings.1839941942.resource": "",
                            "all_settings.1839941942.value": "",
                            "all_settings.1932615024.name": "UnhealthyThreshold",
                            "all_settings.1932615024.namespace": "aws:elb:healthcheck",
                            "all_settings.1932615024.resource": "",
                            "all_settings.1932615024.value": "5",
                            "all_settings.1949446425.name": "allow_url_fopen",
                            "all_settings.1949446425.namespace": "aws:elasticbeanstalk:container:php:phpini",
                            "all_settings.1949446425.resource": "",
                            "all_settings.1949446425.value": "On",
                            "all_settings.2023307816.name": "PSP_CHECKOUT_URL",
                            "all_settings.2023307816.namespace": "aws:elasticbeanstalk:application:environment",
                            "all_settings.2023307816.resource": "",
                            "all_settings.2023307816.value": "http://payment.psp/",
                            "all_settings.2033049486.name": "APP_FALLBACK_LOCALE",
                            "all_settings.2033049486.namespace": "aws:elasticbeanstalk:application:environment",
                            "all_settings.2033049486.resource": "",
                            "all_settings.2033049486.value": "en",
                            "all_settings.2042988913.name": "SUMOLOGIC_ACCESS_KEY",
                            "all_settings.2042988913.namespace": "aws:elasticbeanstalk:application:environment",
                            "all_settings.2042988913.resource": "",
                            "all_settings.2042988913.value": "XpraYhrnzAdUwNaX1lm6WovZSpySzaC0Fzktwvl3SDsphPpb9PaAL9tIYaC79DcF",
                            "all_settings.2128368294.name": "max_execution_time",
                            "all_settings.2128368294.namespace": "aws:elasticbeanstalk:container:php:phpini",
                            "all_settings.2128368294.resource": "",
                            "all_settings.2128368294.value": "60",
                            "all_settings.2133896442.name": "SUMOLOGIC_SOURCE_CATEGORY",
                            "all_settings.2133896442.namespace": "aws:elasticbeanstalk:application:environment",
                            "all_settings.2133896442.resource": "",
                            "all_settings.2133896442.value": "psp-api-test",
                            "all_settings.2145095834.name": "InstanceProtocol",
                            "all_settings.2145095834.namespace": "aws:elb:listener:80",
                            "all_settings.2145095834.resource": "",
                            "all_settings.2145095834.value": "HTTP",
                            "all_settings.2147034849.name": "PSP_ADMIN_KEY",
                            "all_settings.2147034849.namespace": "aws:elasticbeanstalk:application:environment",
                            "all_settings.2147034849.resource": "",
                            "all_settings.2147034849.value": "Zuu3mUjUeznXKy",
                            "all_settings.2207438838.name": "MinInstancesInService",
                            "all_settings.2207438838.namespace": "aws:autoscaling:updatepolicy:rollingupdate",
                            "all_settings.2207438838.resource": "",
                            "all_settings.2207438838.value": "1",
                            "all_settings.2210680385.name": "LaunchType",
                            "all_settings.2210680385.namespace": "aws:elasticbeanstalk:control",
                            "all_settings.2210680385.resource": "",
                            "all_settings.2210680385.value": "Migration",
                            "all_settings.2262995125.name": "Availability Zones",
                            "all_settings.2262995125.namespace": "aws:autoscaling:asg",
                            "all_settings.2262995125.resource": "",
                            "all_settings.2262995125.value": "Any 2",
                            "all_settings.2276893638.name": "RollingUpdateType",
                            "all_settings.2276893638.namespace": "aws:autoscaling:updatepolicy:rollingupdate",
                            "all_settings.2276893638.resource": "",
                            "all_settings.2276893638.value": "Health",
                            "all_settings.2293968963.name": "composer_options",
                            "all_settings.2293968963.namespace": "aws:elasticbeanstalk:container:php:phpini",
                            "all_settings.2293968963.resource": "",
                            "all_settings.2293968963.value": "",
                            "all_settings.2338825121.name": "OLD_DB_HOST",
                            "all_settings.2338825121.namespace": "aws:elasticbeanstalk:application:environment",
                            "all_settings.2338825121.resource": "",
                            "all_settings.2338825121.value": "localhost",
                            "all_settings.2380358171.name": "VPCId",
                            "all_settings.2380358171.namespace": "aws:ec2:vpc",
                            "all_settings.2380358171.resource": "",
                            "all_settings.2380358171.value": "vpc-edb3db8a",
                            "all_settings.2395212047.name": "IamInstanceProfile",
                            "all_settings.2395212047.namespace": "aws:autoscaling:launchconfiguration",
                            "all_settings.2395212047.resource": "",
                            "all_settings.2395212047.value": "aws-elasticbeanstalk-ec2-role",
                            "all_settings.2396587397.name": "MinSize",
                            "all_settings.2396587397.namespace": "aws:autoscaling:asg",
                            "all_settings.2396587397.resource": "",
                            "all_settings.2396587397.value": "1",
                            "all_settings.2402433859.name": "Period",
                            "all_settings.2402433859.namespace": "aws:autoscaling:trigger",
                            "all_settings.2402433859.resource": "",
                            "all_settings.2402433859.value": "5",
                            "all_settings.240742627.name": "UpperBreachScaleIncrement",
                            "all_settings.240742627.namespace": "aws:autoscaling:trigger",
                            "all_settings.240742627.resource": "",
                            "all_settings.240742627.value": "1",
                            "all_settings.2420299722.name": "SystemType",
                            "all_settings.2420299722.namespace": "aws:elasticbeanstalk:healthreporting:system",
                            "all_settings.2420299722.resource": "",
                            "all_settings.2420299722.value": "enhanced",
                            "all_settings.2434350444.name": "Notification Endpoint",
                            "all_settings.2434350444.namespace": "aws:elasticbeanstalk:sns:topics",
                            "all_settings.2434350444.resource": "",
                            "all_settings.2434350444.value": "ops@eftsoftware.com",
                            "all_settings.2436131110.name": "display_errors",
                            "all_settings.2436131110.namespace": "aws:elasticbeanstalk:container:php:phpini",
                            "all_settings.2436131110.resource": "",
                            "all_settings.2436131110.value": "Off",
                            "all_settings.2492456712.name": "LogPublicationControl",
                            "all_settings.2492456712.namespace": "aws:elasticbeanstalk:hostmanager",
                            "all_settings.2492456712.resource": "",
                            "all_settings.2492456712.value": "false",
                            "all_settings.2521334252.name": "InstanceRefreshEnabled",
                            "all_settings.2521334252.namespace": "aws:elasticbeanstalk:managedactions:platformupdate",
                            "all_settings.2521334252.resource": "",
                            "all_settings.2521334252.value": "false",
                            "all_settings.2532738647.name": "PSP_API_URL",
                            "all_settings.2532738647.namespace": "aws:elasticbeanstalk:application:environment",
                            "all_settings.2532738647.resource": "",
                            "all_settings.2532738647.value": "http://api.psp/api/v3/",
                            "all_settings.2542474489.name": "LoadBalancerType",
                            "all_settings.2542474489.namespace": "aws:elasticbeanstalk:environment",
                            "all_settings.2542474489.resource": "",
                            "all_settings.2542474489.value": "classic",
                            "all_settings.2558821935.name": "PauseTime",
                            "all_settings.2558821935.namespace": "aws:autoscaling:updatepolicy:rollingupdate",
                            "all_settings.2558821935.resource": "",
                            "all_settings.2558821935.value": "",
                            "all_settings.2558992023.name": "ManagedActionsEnabled",
                            "all_settings.2558992023.namespace": "aws:elasticbeanstalk:managedactions",
                            "all_settings.2558992023.resource": "",
                            "all_settings.2558992023.value": "true",
                            "all_settings.2578083670.name": "InstancePort",
                            "all_settings.2578083670.namespace": "aws:cloudformation:template:parameter",
                            "all_settings.2578083670.resource": "",
                            "all_settings.2578083670.value": "80",
                            "all_settings.268138685.name": "DB_DATABASE",
                            "all_settings.268138685.namespace": "aws:elasticbeanstalk:application:environment",
                            "all_settings.268138685.resource": "",
                            "all_settings.268138685.value": "homestead",
                            "all_settings.2802271818.name": "InstanceType",
                            "all_settings.2802271818.namespace": "aws:autoscaling:launchconfiguration",
                            "all_settings.2802271818.resource": "",
                            "all_settings.2802271818.value": "t2.small",
                            "all_settings.2814308150.name": "ELBSubnets",
                            "all_settings.2814308150.namespace": "aws:ec2:vpc",
                            "all_settings.2814308150.resource": "",
                            "all_settings.2814308150.value": "subnet-68e94433,subnet-e8d9b0a1",
                            "all_settings.28260639.name": "Application Healthcheck URL",
                            "all_settings.28260639.namespace": "aws:elasticbeanstalk:application",
                            "all_settings.28260639.resource": "",
                            "all_settings.28260639.value": "",
                            "all_settings.2827474164.name": "ConnectionSettingIdleTimeout",
                            "all_settings.2827474164.namespace": "aws:elb:policies",
                            "all_settings.2827474164.resource": "",
                            "all_settings.2827474164.value": "60",
                            "all_settings.285213017.name": "PolicyNames",
                            "all_settings.285213017.namespace": "aws:elb:listener:80",
                            "all_settings.285213017.resource": "",
                            "all_settings.285213017.value": "",
                            "all_settings.2929485696.name": "EnvironmentType",
                            "all_settings.2929485696.namespace": "aws:elasticbeanstalk:environment",
                            "all_settings.2929485696.resource": "",
                            "all_settings.2929485696.value": "LoadBalanced",
                            "all_settings.2983186660.name": "UpdateLevel",
                            "all_settings.2983186660.namespace": "aws:elasticbeanstalk:managedactions:platformupdate",
                            "all_settings.2983186660.resource": "",
                            "all_settings.2983186660.value": "minor",
                            "all_settings.3000736565.name": "APP_DEBUG",
                            "all_settings.3000736565.namespace": "aws:elasticbeanstalk:application:environment",
                            "all_settings.3000736565.resource": "",
                            "all_settings.3000736565.value": "false",
                            "all_settings.3007260544.name": "AssociatePublicIpAddress",
                            "all_settings.3007260544.namespace": "aws:ec2:vpc",
                            "all_settings.3007260544.resource": "",
                            "all_settings.3007260544.value": "true",
                            "all_settings.3028455964.name": "zlib.output_compression",
                            "all_settings.3028455964.namespace": "aws:elasticbeanstalk:container:php:phpini",
                            "all_settings.3028455964.resource": "",
                            "all_settings.3028455964.value": "Off",
                            "all_settings.304444642.name": "ConnectionDrainingTimeout",
                            "all_settings.304444642.namespace": "aws:elb:policies",
                            "all_settings.304444642.resource": "",
                            "all_settings.304444642.value": "20",
                            "all_settings.305264966.name": "HooksPkgUrl",
                            "all_settings.305264966.namespace": "aws:cloudformation:template:parameter",
                            "all_settings.305264966.resource": "",
                            "all_settings.305264966.value": "https://s3.dualstack.eu-west-1.amazonaws.com/elasticbeanstalk-env-resources-eu-west-1/stalks/eb_php_4.0.1.84.0/lib/assets.tar.gz",
                            "all_settings.3109865816.name": "PreferredStartTime",
                            "all_settings.3109865816.namespace": "aws:elasticbeanstalk:managedactions",
                            "all_settings.3109865816.resource": "",
                            "all_settings.3109865816.value": "Sat:04:00",
                            "all_settings.3163218702.name": "Interval",
                            "all_settings.3163218702.namespace": "aws:elb:healthcheck",
                            "all_settings.3163218702.resource": "",
                            "all_settings.3163218702.value": "10",
                            "all_settings.3225151102.name": "MaxSize",
                            "all_settings.3225151102.namespace": "aws:autoscaling:asg",
                            "all_settings.3225151102.resource": "",
                            "all_settings.3225151102.value": "2",
                            "all_settings.323650789.name": "REPORTING_DATABASE",
                            "all_settings.323650789.namespace": "aws:elasticbeanstalk:application:environment",
                            "all_settings.323650789.resource": "",
                            "all_settings.323650789.value": "reporting",
                            "all_settings.3243179558.name": "ExternalExtensionsS3Key",
                            "all_settings.3243179558.namespace": "aws:elasticbeanstalk:environment",
                            "all_settings.3243179558.resource": "",
                            "all_settings.3243179558.value": "",
                            "all_settings.3246832476.name": "OLD_DB_DATABASE",
                            "all_settings.3246832476.namespace": "aws:elasticbeanstalk:application:environment",
                            "all_settings.3246832476.resource": "",
                            "all_settings.3246832476.value": "old_psp",
                            "all_settings.3263411188.name": "RootVolumeIOPS",
                            "all_settings.3263411188.namespace": "aws:autoscaling:launchconfiguration",
                            "all_settings.3263411188.resource": "",
                            "all_settings.3263411188.value": "",
                            "all_settings.3300799582.name": "RetentionInDays",
                            "all_settings.3300799582.namespace": "aws:elasticbeanstalk:cloudwatch:logs",
                            "all_settings.3300799582.resource": "",
                            "all_settings.3300799582.value": "90",
                            "all_settings.3305636593.name": "UpperThreshold",
                            "all_settings.3305636593.namespace": "aws:autoscaling:trigger",
                            "all_settings.3305636593.resource": "",
                            "all_settings.3305636593.value": "6000000",
                            "all_settings.331847348.name": "DB_PASSWORD",
                            "all_settings.331847348.namespace": "aws:elasticbeanstalk:application:environment",
                            "all_settings.331847348.resource": "",
                            "all_settings.331847348.value": "secret",
                            "all_settings.3346705503.name": "EPRO_ID",
                            "all_settings.3346705503.namespace": "aws:elasticbeanstalk:application:environment",
                            "all_settings.3346705503.resource": "",
                            "all_settings.3346705503.value": "1",
                            "all_settings.3354438189.name": "Timeout",
                            "all_settings.3354438189.namespace": "aws:autoscaling:updatepolicy:rollingupdate",
                            "all_settings.3354438189.resource": "",
                            "all_settings.3354438189.value": "PT30M",
                            "all_settings.3396910454.name": "HealthCheckSuccessThreshold",
                            "all_settings.3396910454.namespace": "aws:elasticbeanstalk:healthreporting:system",
                            "all_settings.3396910454.resource": "",
                            "all_settings.3396910454.value": "Ok",
                            "all_settings.3402994671.name": "Statistic",
                            "all_settings.3402994671.namespace": "aws:autoscaling:trigger",
                            "all_settings.3402994671.resource": "",
                            "all_settings.3402994671.value": "Average",
                            "all_settings.3437770258.name": "SUMOLOGIC_ACCESS_ID",
                            "all_settings.3437770258.namespace": "aws:elasticbeanstalk:application:environment",
                            "all_settings.3437770258.resource": "",
                            "all_settings.3437770258.value": "suKbBWKBtMKV2O",
                            "all_settings.3438018982.name": "MonitoringInterval",
                            "all_settings.3438018982.namespace": "aws:autoscaling:launchconfiguration",
                            "all_settings.3438018982.resource": "",
                            "all_settings.3438018982.value": "5 minute",
                            "all_settings.3478105888.name": "StreamLogs",
                            "all_settings.3478105888.namespace": "aws:elasticbeanstalk:cloudwatch:logs",
                            "all_settings.3478105888.resource": "",
                            "all_settings.3478105888.value": "true",
                            "all_settings.3496875314.name": "LowerThreshold",
                            "all_settings.3496875314.namespace": "aws:autoscaling:trigger",
                            "all_settings.3496875314.resource": "",
                            "all_settings.3496875314.value": "2000000",
                            "all_settings.3502087315.name": "CrossZone",
                            "all_settings.3502087315.namespace": "aws:elb:loadbalancer",
                            "all_settings.3502087315.resource": "",
                            "all_settings.3502087315.value": "false",
                            "all_settings.3545041252.name": "Unit",
                            "all_settings.3545041252.namespace": "aws:autoscaling:trigger",
                            "all_settings.3545041252.resource": "",
                            "all_settings.3545041252.value": "Bytes",
                            "all_settings.3560791348.name": "APP_LOCALE",
                            "all_settings.3560791348.namespace": "aws:elasticbeanstalk:application:environment",
                            "all_settings.3560791348.resource": "",
                            "all_settings.3560791348.value": "en",
                            "all_settings.3584475532.name": "Notification Topic Name",
                            "all_settings.3584475532.namespace": "aws:elasticbeanstalk:sns:topics",
                            "all_settings.3584475532.resource": "",
                            "all_settings.3584475532.value": "",
                            "all_settings.3612309826.name": "document_root",
                            "all_settings.3612309826.namespace": "aws:elasticbeanstalk:container:php:phpini",
                            "all_settings.3612309826.resource": "",
                            "all_settings.3612309826.value": "",
                            "all_settings.3615826456.name": "ExternalExtensionsS3Bucket",
                            "all_settings.3615826456.namespace": "aws:elasticbeanstalk:environment",
                            "all_settings.3615826456.resource": "",
                            "all_settings.3615826456.value": "",
                            "all_settings.3648591417.name": "Cooldown",
                            "all_settings.3648591417.namespace": "aws:autoscaling:asg",
                            "all_settings.3648591417.resource": "",
                            "all_settings.3648591417.value": "360",
                            "all_settings.3665611509.name": "SecurityGroups",
                            "all_settings.3665611509.namespace": "aws:autoscaling:launchconfiguration",
                            "all_settings.3665611509.resource": "",
                            "all_settings.3665611509.value": "",
                            "all_settings.3702291124.name": "OLD_DB_PASSWORD",
                            "all_settings.3702291124.namespace": "aws:elasticbeanstalk:application:environment",
                            "all_settings.3702291124.resource": "",
                            "all_settings.3702291124.value": "secret",
                            "all_settings.37040285.name": "ServiceRole",
                            "all_settings.37040285.namespace": "aws:elasticbeanstalk:environment",
                            "all_settings.37040285.resource": "",
                            "all_settings.37040285.value": "aws-elasticbeanstalk-service-role",
                            "all_settings.3705073300.name": "Notification Protocol",
                            "all_settings.3705073300.namespace": "aws:elasticbeanstalk:sns:topics",
                            "all_settings.3705073300.resource": "",
                            "all_settings.3705073300.value": "email",
                            "all_settings.3708017666.name": "LowerBreachScaleIncrement",
                            "all_settings.3708017666.namespace": "aws:autoscaling:trigger",
                            "all_settings.3708017666.resource": "",
                            "all_settings.3708017666.value": "-1",
                            "all_settings.3756748296.name": "DB_USERNAME",
                            "all_settings.3756748296.namespace": "aws:elasticbeanstalk:application:environment",
                            "all_settings.3756748296.resource": "",
                            "all_settings.3756748296.value": "homestead",
                            "all_settings.3819171574.name": "RootVolumeSize",
                            "all_settings.3819171574.namespace": "aws:autoscaling:launchconfiguration",
                            "all_settings.3819171574.resource": "",
                            "all_settings.3819171574.value": "100",
                            "all_settings.3881234966.name": "JWT_SECRET",
                            "all_settings.3881234966.namespace": "aws:elasticbeanstalk:application:environment",
                            "all_settings.3881234966.resource": "",
                            "all_settings.3881234966.value": "9oyf2NiJgvOgvaRi",
                            "all_settings.3929976136.name": "BatchSize",
                            "all_settings.3929976136.namespace": "aws:elasticbeanstalk:command",
                            "all_settings.3929976136.resource": "",
                            "all_settings.3929976136.value": "100",
                            "all_settings.3961867433.name": "SSLCertificateId",
                            "all_settings.3961867433.namespace": "aws:elb:loadbalancer",
                            "all_settings.3961867433.resource": "",
                            "all_settings.3961867433.value": "",
                            "all_settings.3981805791.name": "Automatically Terminate Unhealthy Instances",
                            "all_settings.3981805791.namespace": "aws:elasticbeanstalk:monitoring",
                            "all_settings.3981805791.resource": "",
                            "all_settings.3981805791.value": "true",
                            "all_settings.3992836147.name": "REPORTING_REPLICASET",
                            "all_settings.3992836147.namespace": "aws:elasticbeanstalk:application:environment",
                            "all_settings.3992836147.resource": "",
                            "all_settings.3992836147.value": "",
                            "all_settings.4017663340.name": "EnvironmentVariables",
                            "all_settings.4017663340.namespace": "aws:cloudformation:template:parameter",
                            "all_settings.4017663340.resource": "",
                            "all_settings.4017663340.value": "APP_FALLBACK_LOCALE=en,APP_ENV=local,SUMOLOGIC_SOURCE_CATEGORY=psp-api-test,ENVIRONMENT=test,SUMOLOGIC_ACCESS_KEY=XpraYhrnzAdUwNaX1lm6WovZSpySzaC0Fzktwvl3SDsphPpb9PaAL9tIYaC79DcF,REPORTING_PASSWORD=,REPORTING_DATABASE=reporting,APP_KEY=I6V9SNheOsCSsw7DiFVN0tMThnTjpX4n,OLD_DB_DATABASE=old_psp,OLD_DB_PASSWORD=secret,SUMOLOGIC_ACCESS_ID=suKbBWKBtMKV2O,PSP_REPORTING_URL=http://reporting.psp/api/v3/bumin-hamam-07/,OLD_DB_HOST=localhost,OLD_DB_USERNAME=homestead,DB_USERNAME=homestead,JWT_SECRET=9oyf2NiJgvOgvaRi,PSP_API_URL=http://api.psp/api/v3/,PAYDOH_ID=1,APP_DEBUG=false,REPORTING_REPLICASET=,PSP_CHECKOUT_URL=http://payment.psp/,PSP_ADMIN_KEY=Zuu3mUjUeznXKy,APP_LOCALE=en,REPORTING_USERNAME=,EPRO_ID=1,DB_HOST=localhost,APP_KEY_ALT=I6V9SNheOsCSsw7DiFVN0tMThnTjpX4n,PSP_IPAYNET_CHECKOUT_URL=http://payment.psp/,REPORTING_HOST=10.0.2.2:27017,DB_DATABASE=homestead,DB_PASSWORD=secret",
                            "all_settings.4020527343.name": "InstancePort",
                            "all_settings.4020527343.namespace": "aws:elb:listener:80",
                            "all_settings.4020527343.resource": "",
                            "all_settings.4020527343.value": "80",
                            "all_settings.4049442346.name": "MeasureName",
                            "all_settings.4049442346.namespace": "aws:autoscaling:trigger",
                            "all_settings.4049442346.resource": "",
                            "all_settings.4049442346.value": "NetworkOut",
                            "all_settings.4100247781.name": "BreachDuration",
                            "all_settings.4100247781.namespace": "aws:autoscaling:trigger",
                            "all_settings.4100247781.resource": "",
                            "all_settings.4100247781.value": "5",
                            "all_settings.4105171105.name": "ENVIRONMENT",
                            "all_settings.4105171105.namespace": "aws:elasticbeanstalk:application:environment",
                            "all_settings.4105171105.resource": "",
                            "all_settings.4105171105.value": "test",
                            "all_settings.4107770397.name": "Target",
                            "all_settings.4107770397.namespace": "aws:elb:healthcheck",
                            "all_settings.4107770397.resource": "",
                            "all_settings.4107770397.value": "TCP:80",
                            "all_settings.4148194039.name": "OLD_DB_USERNAME",
                            "all_settings.4148194039.namespace": "aws:elasticbeanstalk:application:environment",
                            "all_settings.4148194039.resource": "",
                            "all_settings.4148194039.value": "homestead",
                            "all_settings.4158491586.name": "DeleteOnTerminate",
                            "all_settings.4158491586.namespace": "aws:elasticbeanstalk:cloudwatch:logs",
                            "all_settings.4158491586.resource": "",
                            "all_settings.4158491586.value": "true",
                            "all_settings.4167503353.name": "LaunchTimeout",
                            "all_settings.4167503353.namespace": "aws:elasticbeanstalk:control",
                            "all_settings.4167503353.resource": "",
                            "all_settings.4167503353.value": "0",
                            "all_settings.4201439372.name": "APP_KEY_ALT",
                            "all_settings.4201439372.namespace": "aws:elasticbeanstalk:application:environment",
                            "all_settings.4201439372.resource": "",
                            "all_settings.4201439372.value": "I6V9SNheOsCSsw7DiFVN0tMThnTjpX4n",
                            "all_settings.4232919657.name": "SecurityGroups",
                            "all_settings.4232919657.namespace": "aws:elb:loadbalancer",
                            "all_settings.4232919657.resource": "",
                            "all_settings.4232919657.value": "",
                            "all_settings.4267362780.name": "Timeout",
                            "all_settings.4267362780.namespace": "aws:elb:healthcheck",
                            "all_settings.4267362780.resource": "",
                            "all_settings.4267362780.value": "5",
                            "all_settings.4274448745.name": "Notification Topic ARN",
                            "all_settings.4274448745.namespace": "aws:elasticbeanstalk:sns:topics",
                            "all_settings.4274448745.resource": "",
                            "all_settings.4274448745.value": "arn:aws:sns:eu-west-1:065573304528:ElasticBeanstalkNotifications-Environment-psp-api-test",
                            "all_settings.433110370.name": "DefaultSSHPort",
                            "all_settings.433110370.namespace": "aws:elasticbeanstalk:control",
                            "all_settings.433110370.resource": "",
                            "all_settings.433110370.value": "22",
                            "all_settings.493815232.name": "MaxBatchSize",
                            "all_settings.493815232.namespace": "aws:autoscaling:updatepolicy:rollingupdate",
                            "all_settings.493815232.resource": "",
                            "all_settings.493815232.value": "1",
                            "all_settings.502734328.name": "SSHSourceRestriction",
                            "all_settings.502734328.namespace": "aws:autoscaling:launchconfiguration",
                            "all_settings.502734328.resource": "",
                            "all_settings.502734328.value": "tcp,22,22,0.0.0.0/0",
                            "all_settings.524047086.name": "APP_ENV",
                            "all_settings.524047086.namespace": "aws:elasticbeanstalk:application:environment",
                            "all_settings.524047086.resource": "",
                            "all_settings.524047086.value": "local",
                            "all_settings.59521051.name": "HealthyThreshold",
                            "all_settings.59521051.namespace": "aws:elb:healthcheck",
                            "all_settings.59521051.resource": "",
                            "all_settings.59521051.value": "3",
                            "all_settings.601394433.name": "ELBScheme",
                            "all_settings.601394433.namespace": "aws:ec2:vpc",
                            "all_settings.601394433.resource": "",
                            "all_settings.601394433.value": "external",
                            "all_settings.602761701.name": "EC2KeyName",
                            "all_settings.602761701.namespace": "aws:autoscaling:launchconfiguration",
                            "all_settings.602761701.resource": "",
                            "all_settings.602761701.value": "beanstalk",
                            "all_settings.731293825.name": "LoadBalancerHTTPSPort",
                            "all_settings.731293825.namespace": "aws:elb:loadbalancer",
                            "all_settings.731293825.resource": "",
                            "all_settings.731293825.value": "OFF",
                            "all_settings.747815089.name": "BatchSizeType",
                            "all_settings.747815089.namespace": "aws:elasticbeanstalk:command",
                            "all_settings.747815089.resource": "",
                            "all_settings.747815089.value": "Percentage",
                            "all_settings.784312882.name": "LoadBalancerHTTPPort",
                            "all_settings.784312882.namespace": "aws:elb:loadbalancer",
                            "all_settings.784312882.resource": "",
                            "all_settings.784312882.value": "80",
                            "all_settings.881749867.name": "Timeout",
                            "all_settings.881749867.namespace": "aws:elasticbeanstalk:command",
                            "all_settings.881749867.resource": "",
                            "all_settings.881749867.value": "600",
                            "all_settings.900658457.name": "APP_KEY",
                            "all_settings.900658457.namespace": "aws:elasticbeanstalk:application:environment",
                            "all_settings.900658457.resource": "",
                            "all_settings.900658457.value": "I6V9SNheOsCSsw7DiFVN0tMThnTjpX4n",
                            "all_settings.931388417.name": "ImageId",
                            "all_settings.931388417.namespace": "aws:autoscaling:launchconfiguration",
                            "all_settings.931388417.resource": "",
                            "all_settings.931388417.value": "ami-aab348d3",
                            "all_settings.940069638.name": "RollbackLaunchOnFailure",
                            "all_settings.940069638.namespace": "aws:elasticbeanstalk:control",
                            "all_settings.940069638.resource": "",
                            "all_settings.940069638.value": "false",
                            "all_settings.997212407.name": "Subnets",
                            "all_settings.997212407.namespace": "aws:ec2:vpc",
                            "all_settings.997212407.resource": "",
                            "all_settings.997212407.value": "subnet-68e94433,subnet-e8d9b0a1",
                            "application": "psp-api",
                            "autoscaling_groups.#": "1",
                            "autoscaling_groups.0": "awseb-e-xkezrjsp4x-stack-AWSEBAutoScalingGroup-9XAZSME7NSZK",
                            "cname": "psp-api-test.panhzbb5yr.eu-west-1.elasticbeanstalk.com",
                            "cname_prefix": "",
                            "description": "",
                            "id": "e-xkezrjsp4x",
                            "instances.#": "1",
                            "instances.0": "i-0fbdab5a1e30e022a",
                            "launch_configurations.#": "1",
                            "launch_configurations.0": "awseb-e-xkezrjsp4x-stack-AWSEBAutoScalingLaunchConfiguration-P1T4MMEPSRUH",
                            "load_balancers.#": "1",
                            "load_balancers.0": "awseb-e-x-AWSEBLoa-Q3DP7M534LST",
                            "name": "psp-api-test",
                            "queues.#": "0",
                            "setting.#": "56",
                            "setting.1141806546.name": "REPORTING_HOST",
                            "setting.1141806546.namespace": "aws:elasticbeanstalk:application:environment",
                            "setting.1141806546.resource": "",
                            "setting.1141806546.value": "10.0.2.2:27017",
                            "setting.1311926541.name": "RollingUpdateEnabled",
                            "setting.1311926541.namespace": "aws:autoscaling:updatepolicy:rollingupdate",
                            "setting.1311926541.resource": "",
                            "setting.1311926541.value": "true",
                            "setting.1442648321.name": "PSP_IPAYNET_CHECKOUT_URL",
                            "setting.1442648321.namespace": "aws:elasticbeanstalk:application:environment",
                            "setting.1442648321.resource": "",
                            "setting.1442648321.value": "http://payment.psp/",
                            "setting.1480839251.name": "REPORTING_PASSWORD",
                            "setting.1480839251.namespace": "aws:elasticbeanstalk:application:environment",
                            "setting.1480839251.resource": "",
                            "setting.1480839251.value": "",
                            "setting.1499800684.name": "RootVolumeType",
                            "setting.1499800684.namespace": "aws:autoscaling:launchconfiguration",
                            "setting.1499800684.resource": "",
                            "setting.1499800684.value": "gp2",
                            "setting.1510200368.name": "PSP_REPORTING_URL",
                            "setting.1510200368.namespace": "aws:elasticbeanstalk:application:environment",
                            "setting.1510200368.resource": "",
                            "setting.1510200368.value": "http://reporting.psp/api/v3/bumin-hamam-07/",
                            "setting.1511930519.name": "DB_HOST",
                            "setting.1511930519.namespace": "aws:elasticbeanstalk:application:environment",
                            "setting.1511930519.resource": "",
                            "setting.1511930519.value": "localhost",
                            "setting.1569408773.name": "PAYDOH_ID",
                            "setting.1569408773.namespace": "aws:elasticbeanstalk:application:environment",
                            "setting.1569408773.resource": "",
                            "setting.1569408773.value": "1",
                            "setting.1616285399.name": "REPORTING_USERNAME",
                            "setting.1616285399.namespace": "aws:elasticbeanstalk:application:environment",
                            "setting.1616285399.resource": "",
                            "setting.1616285399.value": "",
                            "setting.2023307816.name": "PSP_CHECKOUT_URL",
                            "setting.2023307816.namespace": "aws:elasticbeanstalk:application:environment",
                            "setting.2023307816.resource": "",
                            "setting.2023307816.value": "http://payment.psp/",
                            "setting.2033049486.name": "APP_FALLBACK_LOCALE",
                            "setting.2033049486.namespace": "aws:elasticbeanstalk:application:environment",
                            "setting.2033049486.resource": "",
                            "setting.2033049486.value": "en",
                            "setting.2042988913.name": "SUMOLOGIC_ACCESS_KEY",
                            "setting.2042988913.namespace": "aws:elasticbeanstalk:application:environment",
                            "setting.2042988913.resource": "",
                            "setting.2042988913.value": "XpraYhrnzAdUwNaX1lm6WovZSpySzaC0Fzktwvl3SDsphPpb9PaAL9tIYaC79DcF",
                            "setting.2133896442.name": "SUMOLOGIC_SOURCE_CATEGORY",
                            "setting.2133896442.namespace": "aws:elasticbeanstalk:application:environment",
                            "setting.2133896442.resource": "",
                            "setting.2133896442.value": "psp-api-test",
                            "setting.2147034849.name": "PSP_ADMIN_KEY",
                            "setting.2147034849.namespace": "aws:elasticbeanstalk:application:environment",
                            "setting.2147034849.resource": "",
                            "setting.2147034849.value": "Zuu3mUjUeznXKy",
                            "setting.2262995125.name": "Availability Zones",
                            "setting.2262995125.namespace": "aws:autoscaling:asg",
                            "setting.2262995125.resource": "",
                            "setting.2262995125.value": "Any 2",
                            "setting.2276893638.name": "RollingUpdateType",
                            "setting.2276893638.namespace": "aws:autoscaling:updatepolicy:rollingupdate",
                            "setting.2276893638.resource": "",
                            "setting.2276893638.value": "Health",
                            "setting.2338825121.name": "OLD_DB_HOST",
                            "setting.2338825121.namespace": "aws:elasticbeanstalk:application:environment",
                            "setting.2338825121.resource": "",
                            "setting.2338825121.value": "localhost",
                            "setting.2380358171.name": "VPCId",
                            "setting.2380358171.namespace": "aws:ec2:vpc",
                            "setting.2380358171.resource": "",
                            "setting.2380358171.value": "vpc-edb3db8a",
                            "setting.2395212047.name": "IamInstanceProfile",
                            "setting.2395212047.namespace": "aws:autoscaling:launchconfiguration",
                            "setting.2395212047.resource": "",
                            "setting.2395212047.value": "aws-elasticbeanstalk-ec2-role",
                            "setting.2396587397.name": "MinSize",
                            "setting.2396587397.namespace": "aws:autoscaling:asg",
                            "setting.2396587397.resource": "",
                            "setting.2396587397.value": "1",
                            "setting.2420299722.name": "SystemType",
                            "setting.2420299722.namespace": "aws:elasticbeanstalk:healthreporting:system",
                            "setting.2420299722.resource": "",
                            "setting.2420299722.value": "enhanced",
                            "setting.2434350444.name": "Notification Endpoint",
                            "setting.2434350444.namespace": "aws:elasticbeanstalk:sns:topics",
                            "setting.2434350444.resource": "",
                            "setting.2434350444.value": "ops@eftsoftware.com",
                            "setting.2532738647.name": "PSP_API_URL",
                            "setting.2532738647.namespace": "aws:elasticbeanstalk:application:environment",
                            "setting.2532738647.resource": "",
                            "setting.2532738647.value": "http://api.psp/api/v3/",
                            "setting.2558992023.name": "ManagedActionsEnabled",
                            "setting.2558992023.namespace": "aws:elasticbeanstalk:managedactions",
                            "setting.2558992023.resource": "",
                            "setting.2558992023.value": "true",
                            "setting.268138685.name": "DB_DATABASE",
                            "setting.268138685.namespace": "aws:elasticbeanstalk:application:environment",
                            "setting.268138685.resource": "",
                            "setting.268138685.value": "homestead",
                            "setting.2802271818.name": "InstanceType",
                            "setting.2802271818.namespace": "aws:autoscaling:launchconfiguration",
                            "setting.2802271818.resource": "",
                            "setting.2802271818.value": "t2.small",
                            "setting.2814308150.name": "ELBSubnets",
                            "setting.2814308150.namespace": "aws:ec2:vpc",
                            "setting.2814308150.resource": "",
                            "setting.2814308150.value": "subnet-68e94433,subnet-e8d9b0a1",
                            "setting.2983186660.name": "UpdateLevel",
                            "setting.2983186660.namespace": "aws:elasticbeanstalk:managedactions:platformupdate",
                            "setting.2983186660.resource": "",
                            "setting.2983186660.value": "minor",
                            "setting.3000736565.name": "APP_DEBUG",
                            "setting.3000736565.namespace": "aws:elasticbeanstalk:application:environment",
                            "setting.3000736565.resource": "",
                            "setting.3000736565.value": "false",
                            "setting.3007260544.name": "AssociatePublicIpAddress",
                            "setting.3007260544.namespace": "aws:ec2:vpc",
                            "setting.3007260544.resource": "",
                            "setting.3007260544.value": "true",
                            "setting.3109865816.name": "PreferredStartTime",
                            "setting.3109865816.namespace": "aws:elasticbeanstalk:managedactions",
                            "setting.3109865816.resource": "",
                            "setting.3109865816.value": "Sat:04:00",
                            "setting.3225151102.name": "MaxSize",
                            "setting.3225151102.namespace": "aws:autoscaling:asg",
                            "setting.3225151102.resource": "",
                            "setting.3225151102.value": "2",
                            "setting.323650789.name": "REPORTING_DATABASE",
                            "setting.323650789.namespace": "aws:elasticbeanstalk:application:environment",
                            "setting.323650789.resource": "",
                            "setting.323650789.value": "reporting",
                            "setting.3246832476.name": "OLD_DB_DATABASE",
                            "setting.3246832476.namespace": "aws:elasticbeanstalk:application:environment",
                            "setting.3246832476.resource": "",
                            "setting.3246832476.value": "old_psp",
                            "setting.3300799582.name": "RetentionInDays",
                            "setting.3300799582.namespace": "aws:elasticbeanstalk:cloudwatch:logs",
                            "setting.3300799582.resource": "",
                            "setting.3300799582.value": "90",
                            "setting.331847348.name": "DB_PASSWORD",
                            "setting.331847348.namespace": "aws:elasticbeanstalk:application:environment",
                            "setting.331847348.resource": "",
                            "setting.331847348.value": "secret",
                            "setting.3346705503.name": "EPRO_ID",
                            "setting.3346705503.namespace": "aws:elasticbeanstalk:application:environment",
                            "setting.3346705503.resource": "",
                            "setting.3346705503.value": "1",
                            "setting.3437770258.name": "SUMOLOGIC_ACCESS_ID",
                            "setting.3437770258.namespace": "aws:elasticbeanstalk:application:environment",
                            "setting.3437770258.resource": "",
                            "setting.3437770258.value": "suKbBWKBtMKV2O",
                            "setting.3478105888.name": "StreamLogs",
                            "setting.3478105888.namespace": "aws:elasticbeanstalk:cloudwatch:logs",
                            "setting.3478105888.resource": "",
                            "setting.3478105888.value": "true",
                            "setting.3560791348.name": "APP_LOCALE",
                            "setting.3560791348.namespace": "aws:elasticbeanstalk:application:environment",
                            "setting.3560791348.resource": "",
                            "setting.3560791348.value": "en",
                            "setting.3702291124.name": "OLD_DB_PASSWORD",
                            "setting.3702291124.namespace": "aws:elasticbeanstalk:application:environment",
                            "setting.3702291124.resource": "",
                            "setting.3702291124.value": "secret",
                            "setting.37040285.name": "ServiceRole",
                            "setting.37040285.namespace": "aws:elasticbeanstalk:environment",
                            "setting.37040285.resource": "",
                            "setting.37040285.value": "aws-elasticbeanstalk-service-role",
                            "setting.3705073300.name": "Notification Protocol",
                            "setting.3705073300.namespace": "aws:elasticbeanstalk:sns:topics",
                            "setting.3705073300.resource": "",
                            "setting.3705073300.value": "email",
                            "setting.3756748296.name": "DB_USERNAME",
                            "setting.3756748296.namespace": "aws:elasticbeanstalk:application:environment",
                            "setting.3756748296.resource": "",
                            "setting.3756748296.value": "homestead",
                            "setting.3819171574.name": "RootVolumeSize",
                            "setting.3819171574.namespace": "aws:autoscaling:launchconfiguration",
                            "setting.3819171574.resource": "",
                            "setting.3819171574.value": "100",
                            "setting.3881234966.name": "JWT_SECRET",
                            "setting.3881234966.namespace": "aws:elasticbeanstalk:application:environment",
                            "setting.3881234966.resource": "",
                            "setting.3881234966.value": "9oyf2NiJgvOgvaRi",
                            "setting.3992836147.name": "REPORTING_REPLICASET",
                            "setting.3992836147.namespace": "aws:elasticbeanstalk:application:environment",
                            "setting.3992836147.resource": "",
                            "setting.3992836147.value": "",
                            "setting.4105171105.name": "ENVIRONMENT",
                            "setting.4105171105.namespace": "aws:elasticbeanstalk:application:environment",
                            "setting.4105171105.resource": "",
                            "setting.4105171105.value": "test",
                            "setting.4148194039.name": "OLD_DB_USERNAME",
                            "setting.4148194039.namespace": "aws:elasticbeanstalk:application:environment",
                            "setting.4148194039.resource": "",
                            "setting.4148194039.value": "homestead",
                            "setting.4158491586.name": "DeleteOnTerminate",
                            "setting.4158491586.namespace": "aws:elasticbeanstalk:cloudwatch:logs",
                            "setting.4158491586.resource": "",
                            "setting.4158491586.value": "true",
                            "setting.4201439372.name": "APP_KEY_ALT",
                            "setting.4201439372.namespace": "aws:elasticbeanstalk:application:environment",
                            "setting.4201439372.resource": "",
                            "setting.4201439372.value": "I6V9SNheOsCSsw7DiFVN0tMThnTjpX4n",
                            "setting.524047086.name": "APP_ENV",
                            "setting.524047086.namespace": "aws:elasticbeanstalk:application:environment",
                            "setting.524047086.resource": "",
                            "setting.524047086.value": "local",
                            "setting.601394433.name": "ELBScheme",
                            "setting.601394433.namespace": "aws:ec2:vpc",
                            "setting.601394433.resource": "",
                            "setting.601394433.value": "external",
                            "setting.602761701.name": "EC2KeyName",
                            "setting.602761701.namespace": "aws:autoscaling:launchconfiguration",
                            "setting.602761701.resource": "",
                            "setting.602761701.value": "beanstalk",
                            "setting.900658457.name": "APP_KEY",
                            "setting.900658457.namespace": "aws:elasticbeanstalk:application:environment",
                            "setting.900658457.resource": "",
                            "setting.900658457.value": "I6V9SNheOsCSsw7DiFVN0tMThnTjpX4n",
                            "setting.997212407.name": "Subnets",
                            "setting.997212407.namespace": "aws:ec2:vpc",
                            "setting.997212407.resource": "",
                            "setting.997212407.value": "subnet-68e94433,subnet-e8d9b0a1",
                            "solution_stack_name": "64bit Amazon Linux 2017.03 v2.4.4 running PHP 7.0",
                            "tags.%": "2",
                            "tags.Environment": "TEST",
                            "tags.Team": "psp-api",
                            "tier": "WebServer",
                            "triggers.#": "0",
                            "version_label": "",
                            "wait_for_ready_timeout": "20m"
                        },
                        "meta": {
                            "schema_version": "1"
                        },
                        "tainted": true
                    },
                    "deposed": [],
                    "provider": ""
                }
            },
            "depends_on": []
        }
    ]
}
